// !$*UTF8*$!
{
	archiveVersion = 1;
	classes = {
	};
	objectVersion = 46;
	objects = {

/* Begin PBXBuildFile section */
		FA39E32B1F8BAE3E00F723E0 /* ChannelRevokeLink.pb.swift in Sources */ = {isa = PBXBuildFile; fileRef = FA39E2891F8BAD8300F723E0 /* ChannelRevokeLink.pb.swift */; };
		FA39E32C1F8BAE4700F723E0 /* ChannelAddAdmin.pb.swift in Sources */ = {isa = PBXBuildFile; fileRef = FA39E2F31F8BADA800F723E0 /* ChannelAddAdmin.pb.swift */; };
		FA39E32D1F8BAE4700F723E0 /* ChannelAddMember.pb.swift in Sources */ = {isa = PBXBuildFile; fileRef = FA39E2FA1F8BADAC00F723E0 /* ChannelAddMember.pb.swift */; };
		FA39E32E1F8BAE4700F723E0 /* ChannelAddMessageReaction.pb.swift in Sources */ = {isa = PBXBuildFile; fileRef = FA39E30C1F8BADB600F723E0 /* ChannelAddMessageReaction.pb.swift */; };
		FA39E32F1F8BAE4700F723E0 /* ChannelAddModerator.pb.swift in Sources */ = {isa = PBXBuildFile; fileRef = FA39E2DD1F8BAD9C00F723E0 /* ChannelAddModerator.pb.swift */; };
		FA39E3301F8BAE4700F723E0 /* ChannelAvatarAdd.pb.swift in Sources */ = {isa = PBXBuildFile; fileRef = FA39E2F51F8BADA800F723E0 /* ChannelAvatarAdd.pb.swift */; };
		FA39E3311F8BAE4700F723E0 /* ChannelAvatarDelete.pb.swift in Sources */ = {isa = PBXBuildFile; fileRef = FA39E2E91F8BADA200F723E0 /* ChannelAvatarDelete.pb.swift */; };
		FA39E3321F8BAE4700F723E0 /* ChannelAvatarGetList.pb.swift in Sources */ = {isa = PBXBuildFile; fileRef = FA39E3291F8BADC300F723E0 /* ChannelAvatarGetList.pb.swift */; };
		FA39E3331F8BAE4700F723E0 /* ChannelCheckUsername.pb.swift in Sources */ = {isa = PBXBuildFile; fileRef = FA39E3191F8BADBB00F723E0 /* ChannelCheckUsername.pb.swift */; };
		FA39E3341F8BAE4700F723E0 /* ChannelCreate.pb.swift in Sources */ = {isa = PBXBuildFile; fileRef = FA39E2B71F8BAD8900F723E0 /* ChannelCreate.pb.swift */; };
		FA39E3351F8BAE4700F723E0 /* ChannelDelete.pb.swift in Sources */ = {isa = PBXBuildFile; fileRef = FA39E2A41F8BAD8600F723E0 /* ChannelDelete.pb.swift */; };
		FA39E3361F8BAE4700F723E0 /* ChannelDeleteMessage.pb.swift in Sources */ = {isa = PBXBuildFile; fileRef = FA39E2C91F8BAD9100F723E0 /* ChannelDeleteMessage.pb.swift */; };
		FA39E3371F8BAE4700F723E0 /* ChannelEdit.pb.swift in Sources */ = {isa = PBXBuildFile; fileRef = FA39E2FB1F8BADAC00F723E0 /* ChannelEdit.pb.swift */; };
		FA39E3381F8BAE4700F723E0 /* ChannelEditMessage.pb.swift in Sources */ = {isa = PBXBuildFile; fileRef = FA39E2CA1F8BAD9200F723E0 /* ChannelEditMessage.pb.swift */; };
		FA39E3391F8BAE4700F723E0 /* ChannelGetDraft.pb.swift in Sources */ = {isa = PBXBuildFile; fileRef = FA39E3261F8BADC200F723E0 /* ChannelGetDraft.pb.swift */; };
		FA39E33A1F8BAE4700F723E0 /* ChannelGetMemberList.pb.swift in Sources */ = {isa = PBXBuildFile; fileRef = FA39E2B01F8BAD8800F723E0 /* ChannelGetMemberList.pb.swift */; };
		FA39E33B1F8BAE4700F723E0 /* ChannelGetMessagesStats.pb.swift in Sources */ = {isa = PBXBuildFile; fileRef = FA39E2BC1F8BAD8A00F723E0 /* ChannelGetMessagesStats.pb.swift */; };
		FA39E33C1F8BAE4700F723E0 /* ChannelKickAdmin.pb.swift in Sources */ = {isa = PBXBuildFile; fileRef = FA39E2E41F8BAD9F00F723E0 /* ChannelKickAdmin.pb.swift */; };
		FA39E33D1F8BAE4700F723E0 /* ChannelKickMember.pb.swift in Sources */ = {isa = PBXBuildFile; fileRef = FA39E2911F8BAD8400F723E0 /* ChannelKickMember.pb.swift */; };
		FA39E33E1F8BAE4700F723E0 /* ChannelKickModerator.pb.swift in Sources */ = {isa = PBXBuildFile; fileRef = FA39E2DF1F8BAD9C00F723E0 /* ChannelKickModerator.pb.swift */; };
		FA39E33F1F8BAE4700F723E0 /* ChannelLeft.pb.swift in Sources */ = {isa = PBXBuildFile; fileRef = FA39E29A1F8BAD8500F723E0 /* ChannelLeft.pb.swift */; };
		FA39E3401F8BAE4700F723E0 /* ChannelRemoveUsername.pb.swift in Sources */ = {isa = PBXBuildFile; fileRef = FA39E2901F8BAD8400F723E0 /* ChannelRemoveUsername.pb.swift */; };
		FA39E3411F8BAE4700F723E0 /* ChannelSendMessage.pb.swift in Sources */ = {isa = PBXBuildFile; fileRef = FA39E3251F8BADC200F723E0 /* ChannelSendMessage.pb.swift */; };
		FA39E3421F8BAE4700F723E0 /* ChannelSetAction.pb.swift in Sources */ = {isa = PBXBuildFile; fileRef = FA39E2AA1F8BAD8700F723E0 /* ChannelSetAction.pb.swift */; };
		FA39E3431F8BAE4700F723E0 /* ChannelUpdateDraft.pb.swift in Sources */ = {isa = PBXBuildFile; fileRef = FA39E3041F8BADB100F723E0 /* ChannelUpdateDraft.pb.swift */; };
		FA39E3441F8BAE4700F723E0 /* ChannelUpdateSignature.pb.swift in Sources */ = {isa = PBXBuildFile; fileRef = FA39E2BD1F8BAD8A00F723E0 /* ChannelUpdateSignature.pb.swift */; };
		FA39E3451F8BAE4700F723E0 /* ChannelUpdateUsername.pb.swift in Sources */ = {isa = PBXBuildFile; fileRef = FA39E2C51F8BAD8E00F723E0 /* ChannelUpdateUsername.pb.swift */; };
		FA39E3461F8BAE4700F723E0 /* ChatClearMessage.pb.swift in Sources */ = {isa = PBXBuildFile; fileRef = FA39E3011F8BADB000F723E0 /* ChatClearMessage.pb.swift */; };
		FA39E3471F8BAE4700F723E0 /* ChatConvertToGroup.pb.swift in Sources */ = {isa = PBXBuildFile; fileRef = FA39E2FC1F8BADAD00F723E0 /* ChatConvertToGroup.pb.swift */; };
		FA39E3481F8BAE4700F723E0 /* ChatDelete.pb.swift in Sources */ = {isa = PBXBuildFile; fileRef = FA39E2A21F8BAD8600F723E0 /* ChatDelete.pb.swift */; };
		FA39E3491F8BAE4700F723E0 /* ChatDeleteMessage.pb.swift in Sources */ = {isa = PBXBuildFile; fileRef = FA39E2F71F8BADAA00F723E0 /* ChatDeleteMessage.pb.swift */; };
		FA39E34A1F8BAE4700F723E0 /* ChatEditMessage.pb.swift in Sources */ = {isa = PBXBuildFile; fileRef = FA39E2DE1F8BAD9C00F723E0 /* ChatEditMessage.pb.swift */; };
		FA39E34B1F8BAE4700F723E0 /* ChatGetDraft.pb.swift in Sources */ = {isa = PBXBuildFile; fileRef = FA39E2861F8BAD8300F723E0 /* ChatGetDraft.pb.swift */; };
		FA39E34C1F8BAE4700F723E0 /* ChatGetRoom.pb.swift in Sources */ = {isa = PBXBuildFile; fileRef = FA39E2A71F8BAD8600F723E0 /* ChatGetRoom.pb.swift */; };
		FA39E34D1F8BAE4700F723E0 /* ChatSendMessage.pb.swift in Sources */ = {isa = PBXBuildFile; fileRef = FA39E2971F8BAD8400F723E0 /* ChatSendMessage.pb.swift */; };
		FA39E34E1F8BAE4700F723E0 /* ChatSetAction.pb.swift in Sources */ = {isa = PBXBuildFile; fileRef = FA39E2CB1F8BAD9200F723E0 /* ChatSetAction.pb.swift */; };
		FA39E34F1F8BAE4700F723E0 /* ChatUpdateDraft.pb.swift in Sources */ = {isa = PBXBuildFile; fileRef = FA39E2A91F8BAD8700F723E0 /* ChatUpdateDraft.pb.swift */; };
		FA39E3501F8BAE4700F723E0 /* ChatUpdateStatus.pb.swift in Sources */ = {isa = PBXBuildFile; fileRef = FA39E2A01F8BAD8500F723E0 /* ChatUpdateStatus.pb.swift */; };
		FA39E3511F8BAE4700F723E0 /* ClientCheckInviteLink.pb.swift in Sources */ = {isa = PBXBuildFile; fileRef = FA39E2BE1F8BAD8B00F723E0 /* ClientCheckInviteLink.pb.swift */; };
		FA39E3521F8BAE4700F723E0 /* ClientCondition.pb.swift in Sources */ = {isa = PBXBuildFile; fileRef = FA39E2F21F8BADA700F723E0 /* ClientCondition.pb.swift */; };
		FA39E3531F8BAE4700F723E0 /* ClientCountRoomHistory.pb.swift in Sources */ = {isa = PBXBuildFile; fileRef = FA39E2FD1F8BADAD00F723E0 /* ClientCountRoomHistory.pb.swift */; };
		FA39E3541F8BAE4700F723E0 /* ClientGetRoom.pb.swift in Sources */ = {isa = PBXBuildFile; fileRef = FA39E2B81F8BAD8900F723E0 /* ClientGetRoom.pb.swift */; };
		FA39E3551F8BAE4700F723E0 /* ClientGetRoomHistory.pb.swift in Sources */ = {isa = PBXBuildFile; fileRef = FA39E2C21F8BAD8D00F723E0 /* ClientGetRoomHistory.pb.swift */; };
		FA39E3561F8BAE4700F723E0 /* ClientGetRoomList.pb.swift in Sources */ = {isa = PBXBuildFile; fileRef = FA39E2F61F8BADA900F723E0 /* ClientGetRoomList.pb.swift */; };
		FA39E3571F8BAE4700F723E0 /* ClientGetRoomMessage.pb.swift in Sources */ = {isa = PBXBuildFile; fileRef = FA39E2851F8BAD8300F723E0 /* ClientGetRoomMessage.pb.swift */; };
		FA39E3581F8BAE4700F723E0 /* ClientJoinByInviteLink.pb.swift in Sources */ = {isa = PBXBuildFile; fileRef = FA39E2D41F8BAD9800F723E0 /* ClientJoinByInviteLink.pb.swift */; };
		FA39E3591F8BAE4700F723E0 /* ClientJoinByUsername.pb.swift in Sources */ = {isa = PBXBuildFile; fileRef = FA39E2AC1F8BAD8700F723E0 /* ClientJoinByUsername.pb.swift */; };
		FA39E35A1F8BAE4700F723E0 /* ClientResolveUsername.pb.swift in Sources */ = {isa = PBXBuildFile; fileRef = FA39E2EC1F8BADA400F723E0 /* ClientResolveUsername.pb.swift */; };
		FA39E35B1F8BAE4700F723E0 /* ClientSearchRoomHistory.pb.swift in Sources */ = {isa = PBXBuildFile; fileRef = FA39E2C01F8BAD8B00F723E0 /* ClientSearchRoomHistory.pb.swift */; };
		FA39E35C1F8BAE4700F723E0 /* ClientSearchUsername.pb.swift in Sources */ = {isa = PBXBuildFile; fileRef = FA39E2931F8BAD8400F723E0 /* ClientSearchUsername.pb.swift */; };
		FA39E35D1F8BAE4700F723E0 /* ClientSubscribeToRoom.pb.swift in Sources */ = {isa = PBXBuildFile; fileRef = FA39E3271F8BADC200F723E0 /* ClientSubscribeToRoom.pb.swift */; };
		FA39E35E1F8BAE4700F723E0 /* ClientUnsubscribeFromRoom.pb.swift in Sources */ = {isa = PBXBuildFile; fileRef = FA39E28A1F8BAD8300F723E0 /* ClientUnsubscribeFromRoom.pb.swift */; };
		FA39E35F1F8BAE4700F723E0 /* ConnectionSecuring.pb.swift in Sources */ = {isa = PBXBuildFile; fileRef = FA39E2D11F8BAD9600F723E0 /* ConnectionSecuring.pb.swift */; };
		FA39E3601F8BAE4700F723E0 /* Error.pb.swift in Sources */ = {isa = PBXBuildFile; fileRef = FA39E3281F8BADC200F723E0 /* Error.pb.swift */; };
		FA39E3611F8BAE4700F723E0 /* FileDownload.pb.swift in Sources */ = {isa = PBXBuildFile; fileRef = FA39E2FE1F8BADAD00F723E0 /* FileDownload.pb.swift */; };
		FA39E3621F8BAE4700F723E0 /* FileInfo.pb.swift in Sources */ = {isa = PBXBuildFile; fileRef = FA39E2FF1F8BADAE00F723E0 /* FileInfo.pb.swift */; };
		FA39E3631F8BAE4700F723E0 /* FileUpload.pb.swift in Sources */ = {isa = PBXBuildFile; fileRef = FA39E2A81F8BAD8600F723E0 /* FileUpload.pb.swift */; };
		FA39E3641F8BAE4700F723E0 /* FileUploadInit.pb.swift in Sources */ = {isa = PBXBuildFile; fileRef = FA39E3031F8BADB100F723E0 /* FileUploadInit.pb.swift */; };
		FA39E3651F8BAE4700F723E0 /* FileUploadOption.pb.swift in Sources */ = {isa = PBXBuildFile; fileRef = FA39E2CF1F8BAD9500F723E0 /* FileUploadOption.pb.swift */; };
		FA39E3661F8BAE4700F723E0 /* FileUploadStatus.pb.swift in Sources */ = {isa = PBXBuildFile; fileRef = FA39E28C1F8BAD8300F723E0 /* FileUploadStatus.pb.swift */; };
		FA39E3671F8BAE4700F723E0 /* GeoGetComment.pb.swift in Sources */ = {isa = PBXBuildFile; fileRef = FA39E3151F8BADBA00F723E0 /* GeoGetComment.pb.swift */; };
		FA39E3681F8BAE4700F723E0 /* GeoGetConfiguration.pb.swift in Sources */ = {isa = PBXBuildFile; fileRef = FA39E32A1F8BADC400F723E0 /* GeoGetConfiguration.pb.swift */; };
		FA39E3691F8BAE4700F723E0 /* GeoGetNearbyCoordinate.pb.swift in Sources */ = {isa = PBXBuildFile; fileRef = FA39E2E01F8BAD9C00F723E0 /* GeoGetNearbyCoordinate.pb.swift */; };
		FA39E36A1F8BAE4700F723E0 /* GeoGetNearbyDistance.pb.swift in Sources */ = {isa = PBXBuildFile; fileRef = FA39E2981F8BAD8500F723E0 /* GeoGetNearbyDistance.pb.swift */; };
		FA39E36B1F8BAE4700F723E0 /* GeoGetRegisterStatus.pb.swift in Sources */ = {isa = PBXBuildFile; fileRef = FA39E2C41F8BAD8E00F723E0 /* GeoGetRegisterStatus.pb.swift */; };
		FA39E36C1F8BAE4700F723E0 /* GeoRegister.pb.swift in Sources */ = {isa = PBXBuildFile; fileRef = FA39E2B91F8BAD8A00F723E0 /* GeoRegister.pb.swift */; };
		FA39E36D1F8BAE4700F723E0 /* GeoUpdateComment.pb.swift in Sources */ = {isa = PBXBuildFile; fileRef = FA39E28B1F8BAD8300F723E0 /* GeoUpdateComment.pb.swift */; };
		FA39E36E1F8BAE4700F723E0 /* GeoUpdatePosition.pb.swift in Sources */ = {isa = PBXBuildFile; fileRef = FA39E2CC1F8BAD9200F723E0 /* GeoUpdatePosition.pb.swift */; };
		FA39E36F1F8BAE4700F723E0 /* Global.pb.swift in Sources */ = {isa = PBXBuildFile; fileRef = FA39E2DC1F8BAD9C00F723E0 /* Global.pb.swift */; };
		FA39E3701F8BAE4700F723E0 /* GroupAddAdmin.pb.swift in Sources */ = {isa = PBXBuildFile; fileRef = FA39E29B1F8BAD8500F723E0 /* GroupAddAdmin.pb.swift */; };
		FA39E3711F8BAE4700F723E0 /* GroupAddMember.pb.swift in Sources */ = {isa = PBXBuildFile; fileRef = FA39E2CD1F8BAD9300F723E0 /* GroupAddMember.pb.swift */; };
		FA39E3721F8BAE4700F723E0 /* GroupAddModerator.pb.swift in Sources */ = {isa = PBXBuildFile; fileRef = FA39E2841F8BAD8300F723E0 /* GroupAddModerator.pb.swift */; };
		FA39E3731F8BAE4700F723E0 /* GroupAvatarAdd.pb.swift in Sources */ = {isa = PBXBuildFile; fileRef = FA39E2D51F8BAD9800F723E0 /* GroupAvatarAdd.pb.swift */; };
		FA39E3741F8BAE4700F723E0 /* GroupAvatarDelete.pb.swift in Sources */ = {isa = PBXBuildFile; fileRef = FA39E2D01F8BAD9600F723E0 /* GroupAvatarDelete.pb.swift */; };
		FA39E3751F8BAE4700F723E0 /* GroupAvatarGetList.pb.swift in Sources */ = {isa = PBXBuildFile; fileRef = FA39E2CE1F8BAD9400F723E0 /* GroupAvatarGetList.pb.swift */; };
		FA39E3761F8BAE4700F723E0 /* GroupCheckUsername.pb.swift in Sources */ = {isa = PBXBuildFile; fileRef = FA39E2BB1F8BAD8A00F723E0 /* GroupCheckUsername.pb.swift */; };
		FA39E3771F8BAE4700F723E0 /* GroupClearMessage.pb.swift in Sources */ = {isa = PBXBuildFile; fileRef = FA39E2AD1F8BAD8700F723E0 /* GroupClearMessage.pb.swift */; };
		FA39E3781F8BAE4700F723E0 /* GroupCreate.pb.swift in Sources */ = {isa = PBXBuildFile; fileRef = FA39E3181F8BADBB00F723E0 /* GroupCreate.pb.swift */; };
		FA39E3791F8BAE4700F723E0 /* GroupDelete.pb.swift in Sources */ = {isa = PBXBuildFile; fileRef = FA39E2B61F8BAD8900F723E0 /* GroupDelete.pb.swift */; };
		FA39E37A1F8BAE4700F723E0 /* GroupDeleteMessage.pb.swift in Sources */ = {isa = PBXBuildFile; fileRef = FA39E2881F8BAD8300F723E0 /* GroupDeleteMessage.pb.swift */; };
		FA39E37B1F8BAE4700F723E0 /* GroupEdit.pb.swift in Sources */ = {isa = PBXBuildFile; fileRef = FA39E2B31F8BAD8800F723E0 /* GroupEdit.pb.swift */; };
		FA39E37C1F8BAE4700F723E0 /* GroupEditMessage.pb.swift in Sources */ = {isa = PBXBuildFile; fileRef = FA39E31F1F8BADBF00F723E0 /* GroupEditMessage.pb.swift */; };
		FA39E37D1F8BAE4700F723E0 /* GroupGetDraft.pb.swift in Sources */ = {isa = PBXBuildFile; fileRef = FA39E2B11F8BAD8800F723E0 /* GroupGetDraft.pb.swift */; };
		FA39E37E1F8BAE4700F723E0 /* GroupGetMemberList.pb.swift in Sources */ = {isa = PBXBuildFile; fileRef = FA39E2871F8BAD8300F723E0 /* GroupGetMemberList.pb.swift */; };
		FA39E37F1F8BAE4700F723E0 /* GroupKickAdmin.pb.swift in Sources */ = {isa = PBXBuildFile; fileRef = FA39E2C81F8BAD9000F723E0 /* GroupKickAdmin.pb.swift */; };
		FA39E3801F8BAE4700F723E0 /* GroupKickMember.pb.swift in Sources */ = {isa = PBXBuildFile; fileRef = FA39E3221F8BADC000F723E0 /* GroupKickMember.pb.swift */; };
		FA39E3811F8BAE4700F723E0 /* GroupKickModerator.pb.swift in Sources */ = {isa = PBXBuildFile; fileRef = FA39E3201F8BADBF00F723E0 /* GroupKickModerator.pb.swift */; };
		FA39E3821F8BAE4700F723E0 /* GroupLeft.pb.swift in Sources */ = {isa = PBXBuildFile; fileRef = FA39E3091F8BADB500F723E0 /* GroupLeft.pb.swift */; };
		FA39E3831F8BAE4700F723E0 /* GroupRemoveUsername.pb.swift in Sources */ = {isa = PBXBuildFile; fileRef = FA39E2E71F8BADA100F723E0 /* GroupRemoveUsername.pb.swift */; };
		FA39E3841F8BAE4700F723E0 /* GroupRevokeLink.pb.swift in Sources */ = {isa = PBXBuildFile; fileRef = FA39E2F01F8BADA500F723E0 /* GroupRevokeLink.pb.swift */; };
		FA39E3851F8BAE4700F723E0 /* GroupSendMessage.pb.swift in Sources */ = {isa = PBXBuildFile; fileRef = FA39E2C31F8BAD8D00F723E0 /* GroupSendMessage.pb.swift */; };
		FA39E3861F8BAE4700F723E0 /* GroupSetAction.pb.swift in Sources */ = {isa = PBXBuildFile; fileRef = FA39E2EF1F8BADA400F723E0 /* GroupSetAction.pb.swift */; };
		FA39E3871F8BAE4700F723E0 /* GroupUpdateDraft.pb.swift in Sources */ = {isa = PBXBuildFile; fileRef = FA39E2C71F8BAD8F00F723E0 /* GroupUpdateDraft.pb.swift */; };
		FA39E3881F8BAE4700F723E0 /* GroupUpdateStatus.pb.swift in Sources */ = {isa = PBXBuildFile; fileRef = FA39E3021F8BADB000F723E0 /* GroupUpdateStatus.pb.swift */; };
		FA39E3891F8BAE4700F723E0 /* GroupUpdateUsername.pb.swift in Sources */ = {isa = PBXBuildFile; fileRef = FA39E2921F8BAD8400F723E0 /* GroupUpdateUsername.pb.swift */; };
		FA39E38A1F8BAE4700F723E0 /* Heartbeat.pb.swift in Sources */ = {isa = PBXBuildFile; fileRef = FA39E3001F8BADAF00F723E0 /* Heartbeat.pb.swift */; };
		FA39E38B1F8BAE4700F723E0 /* InfoCountry.pb.swift in Sources */ = {isa = PBXBuildFile; fileRef = FA39E2C61F8BAD8E00F723E0 /* InfoCountry.pb.swift */; };
		FA39E38C1F8BAE4700F723E0 /* InfoLocation.pb.swift in Sources */ = {isa = PBXBuildFile; fileRef = FA39E3131F8BADB800F723E0 /* InfoLocation.pb.swift */; };
		FA39E38D1F8BAE4700F723E0 /* InfoPage.pb.swift in Sources */ = {isa = PBXBuildFile; fileRef = FA39E2EA1F8BADA300F723E0 /* InfoPage.pb.swift */; };
		FA39E38E1F8BAE4700F723E0 /* InfoTime.pb.swift in Sources */ = {isa = PBXBuildFile; fileRef = FA39E2821F8BAD8300F723E0 /* InfoTime.pb.swift */; };
		FA39E38F1F8BAE4700F723E0 /* InfoWallpaper.pb.swift in Sources */ = {isa = PBXBuildFile; fileRef = FA39E2F11F8BADA600F723E0 /* InfoWallpaper.pb.swift */; };
		FA39E3901F8BAE4700F723E0 /* PushLoginToken.pb.swift in Sources */ = {isa = PBXBuildFile; fileRef = FA39E2E61F8BADA000F723E0 /* PushLoginToken.pb.swift */; };
		FA39E3911F8BAE4700F723E0 /* PushRateSignaling.pb.swift in Sources */ = {isa = PBXBuildFile; fileRef = FA39E2AB1F8BAD8700F723E0 /* PushRateSignaling.pb.swift */; };
		FA39E3921F8BAE4700F723E0 /* PushTwoStepVerification.pb.swift in Sources */ = {isa = PBXBuildFile; fileRef = FA39E30E1F8BADB700F723E0 /* PushTwoStepVerification.pb.swift */; };
		FA39E3931F8BAE4700F723E0 /* PushUserInfoExpired.pb.swift in Sources */ = {isa = PBXBuildFile; fileRef = FA39E3231F8BADC100F723E0 /* PushUserInfoExpired.pb.swift */; };
		FA39E3941F8BAE4700F723E0 /* QrCodeAddContact.pb.swift in Sources */ = {isa = PBXBuildFile; fileRef = FA39E2831F8BAD8300F723E0 /* QrCodeAddContact.pb.swift */; };
		FA39E3951F8BAE4700F723E0 /* QrCodeAddMe.pb.swift in Sources */ = {isa = PBXBuildFile; fileRef = FA39E29C1F8BAD8500F723E0 /* QrCodeAddMe.pb.swift */; };
		FA39E3961F8BAE4700F723E0 /* QrCodeJoin.pb.swift in Sources */ = {isa = PBXBuildFile; fileRef = FA39E2D21F8BAD9600F723E0 /* QrCodeJoin.pb.swift */; };
		FA39E3971F8BAE4700F723E0 /* QrCodeNewDevice.pb.swift in Sources */ = {isa = PBXBuildFile; fileRef = FA39E30A1F8BADB500F723E0 /* QrCodeNewDevice.pb.swift */; };
		FA39E3981F8BAE4700F723E0 /* QrCodeResolve.pb.swift in Sources */ = {isa = PBXBuildFile; fileRef = FA39E2D31F8BAD9700F723E0 /* QrCodeResolve.pb.swift */; };
		FA39E3991F8BAE4700F723E0 /* Request.pb.swift in Sources */ = {isa = PBXBuildFile; fileRef = FA39E2D91F8BAD9A00F723E0 /* Request.pb.swift */; };
		FA39E39A1F8BAE4700F723E0 /* Response.pb.swift in Sources */ = {isa = PBXBuildFile; fileRef = FA39E3101F8BADB700F723E0 /* Response.pb.swift */; };
		FA39E39B1F8BAE4700F723E0 /* SignalingAccept.pb.swift in Sources */ = {isa = PBXBuildFile; fileRef = FA39E3051F8BADB200F723E0 /* SignalingAccept.pb.swift */; };
		FA39E39C1F8BAE4700F723E0 /* SignalingCandidate.pb.swift in Sources */ = {isa = PBXBuildFile; fileRef = FA39E2941F8BAD8400F723E0 /* SignalingCandidate.pb.swift */; };
		FA39E39D1F8BAE4700F723E0 /* SignalingClearLog.pb.swift in Sources */ = {isa = PBXBuildFile; fileRef = FA39E31A1F8BADBB00F723E0 /* SignalingClearLog.pb.swift */; };
		FA39E39E1F8BAE4700F723E0 /* SignalingGetConfiguration.pb.swift in Sources */ = {isa = PBXBuildFile; fileRef = FA39E3211F8BADC000F723E0 /* SignalingGetConfiguration.pb.swift */; };
		FA39E39F1F8BAE4700F723E0 /* SignalingGetLog.pb.swift in Sources */ = {isa = PBXBuildFile; fileRef = FA39E2951F8BAD8400F723E0 /* SignalingGetLog.pb.swift */; };
		FA39E3A01F8BAE4700F723E0 /* SignalingLeave.pb.swift in Sources */ = {isa = PBXBuildFile; fileRef = FA39E3161F8BADBA00F723E0 /* SignalingLeave.pb.swift */; };
		FA39E3A11F8BAE4700F723E0 /* SignalingOffer.pb.swift in Sources */ = {isa = PBXBuildFile; fileRef = FA39E28D1F8BAD8300F723E0 /* SignalingOffer.pb.swift */; };
		FA39E3A21F8BAE4700F723E0 /* SignalingRate.pb.swift in Sources */ = {isa = PBXBuildFile; fileRef = FA39E30F1F8BADB700F723E0 /* SignalingRate.pb.swift */; };
		FA39E3A31F8BAE4700F723E0 /* SignalingRinging.pb.swift in Sources */ = {isa = PBXBuildFile; fileRef = FA39E2E81F8BADA100F723E0 /* SignalingRinging.pb.swift */; };
		FA39E3A41F8BAE4700F723E0 /* SignalingSessionHold.pb.swift in Sources */ = {isa = PBXBuildFile; fileRef = FA39E3141F8BADB900F723E0 /* SignalingSessionHold.pb.swift */; };
		FA39E3A51F8BAE4700F723E0 /* UserAvatarAdd.pb.swift in Sources */ = {isa = PBXBuildFile; fileRef = FA39E2F91F8BADAC00F723E0 /* UserAvatarAdd.pb.swift */; };
		FA39E3A61F8BAE4700F723E0 /* UserAvatarDelete.pb.swift in Sources */ = {isa = PBXBuildFile; fileRef = FA39E2ED1F8BADA400F723E0 /* UserAvatarDelete.pb.swift */; };
		FA39E3A71F8BAE4700F723E0 /* UserAvatarGetList.pb.swift in Sources */ = {isa = PBXBuildFile; fileRef = FA39E2AF1F8BAD8800F723E0 /* UserAvatarGetList.pb.swift */; };
		FA39E3A81F8BAE4700F723E0 /* UserContactsBlock.pb.swift in Sources */ = {isa = PBXBuildFile; fileRef = FA39E2D61F8BAD9800F723E0 /* UserContactsBlock.pb.swift */; };
		FA39E3A91F8BAE4700F723E0 /* UserContactsDelete.pb.swift in Sources */ = {isa = PBXBuildFile; fileRef = FA39E3111F8BADB800F723E0 /* UserContactsDelete.pb.swift */; };
		FA39E3AA1F8BAE4700F723E0 /* UserContactsEdit.pb.swift in Sources */ = {isa = PBXBuildFile; fileRef = FA39E2F81F8BADAB00F723E0 /* UserContactsEdit.pb.swift */; };
		FA39E3AB1F8BAE4700F723E0 /* UserContactsGetBlockedList.pb.swift in Sources */ = {isa = PBXBuildFile; fileRef = FA39E29D1F8BAD8500F723E0 /* UserContactsGetBlockedList.pb.swift */; };
		FA39E3AC1F8BAE4700F723E0 /* UserContactsGetList.pb.swift in Sources */ = {isa = PBXBuildFile; fileRef = FA39E2E51F8BADA000F723E0 /* UserContactsGetList.pb.swift */; };
		FA39E3AD1F8BAE4700F723E0 /* UserContactsImport.pb.swift in Sources */ = {isa = PBXBuildFile; fileRef = FA39E2B21F8BAD8800F723E0 /* UserContactsImport.pb.swift */; };
		FA39E3AE1F8BAE4700F723E0 /* UserContactsUnblock.pb.swift in Sources */ = {isa = PBXBuildFile; fileRef = FA39E2A51F8BAD8600F723E0 /* UserContactsUnblock.pb.swift */; };
		FA39E3AF1F8BAE4700F723E0 /* UserDelete.pb.swift in Sources */ = {isa = PBXBuildFile; fileRef = FA39E3241F8BADC100F723E0 /* UserDelete.pb.swift */; };
		FA39E3B01F8BAE4700F723E0 /* UserGetDeleteToken.pb.swift in Sources */ = {isa = PBXBuildFile; fileRef = FA39E30B1F8BADB500F723E0 /* UserGetDeleteToken.pb.swift */; };
		FA39E3B11F8BAE4700F723E0 /* UserInfo.pb.swift in Sources */ = {isa = PBXBuildFile; fileRef = FA39E2B51F8BAD8900F723E0 /* UserInfo.pb.swift */; };
		FA39E3B21F8BAE4700F723E0 /* UserLogin.pb.swift in Sources */ = {isa = PBXBuildFile; fileRef = FA39E2BF1F8BAD8B00F723E0 /* UserLogin.pb.swift */; };
		FA39E3B31F8BAE4700F723E0 /* UserPrivacyGetRule.pb.swift in Sources */ = {isa = PBXBuildFile; fileRef = FA39E2C11F8BAD8C00F723E0 /* UserPrivacyGetRule.pb.swift */; };
		FA39E3B41F8BAE4700F723E0 /* UserPrivacySetRule.pb.swift in Sources */ = {isa = PBXBuildFile; fileRef = FA39E2D71F8BAD9900F723E0 /* UserPrivacySetRule.pb.swift */; };
		FA39E3B51F8BAE4700F723E0 /* UserProfileCheckUsername.pb.swift in Sources */ = {isa = PBXBuildFile; fileRef = FA39E3061F8BADB300F723E0 /* UserProfileCheckUsername.pb.swift */; };
		FA39E3B61F8BAE4700F723E0 /* UserProfileGetEmail.pb.swift in Sources */ = {isa = PBXBuildFile; fileRef = FA39E2B41F8BAD8900F723E0 /* UserProfileGetEmail.pb.swift */; };
		FA39E3B71F8BAE4700F723E0 /* UserProfileGetGender.pb.swift in Sources */ = {isa = PBXBuildFile; fileRef = FA39E2E11F8BAD9D00F723E0 /* UserProfileGetGender.pb.swift */; };
		FA39E3B81F8BAE4700F723E0 /* UserProfileGetNickname.pb.swift in Sources */ = {isa = PBXBuildFile; fileRef = FA39E2D81F8BAD9900F723E0 /* UserProfileGetNickname.pb.swift */; };
		FA39E3B91F8BAE4700F723E0 /* UserProfileGetSelfRemove.pb.swift in Sources */ = {isa = PBXBuildFile; fileRef = FA39E2AE1F8BAD8700F723E0 /* UserProfileGetSelfRemove.pb.swift */; };
		FA39E3BA1F8BAE4700F723E0 /* UserProfileSetEmail.pb.swift in Sources */ = {isa = PBXBuildFile; fileRef = FA39E2EE1F8BADA400F723E0 /* UserProfileSetEmail.pb.swift */; };
		FA39E3BB1F8BAE4700F723E0 /* UserProfileSetGender.pb.swift in Sources */ = {isa = PBXBuildFile; fileRef = FA39E29E1F8BAD8500F723E0 /* UserProfileSetGender.pb.swift */; };
		FA39E3BC1F8BAE4700F723E0 /* UserProfileSetNickname.pb.swift in Sources */ = {isa = PBXBuildFile; fileRef = FA39E2991F8BAD8500F723E0 /* UserProfileSetNickname.pb.swift */; };
		FA39E3BD1F8BAE4700F723E0 /* UserProfileSetSelfRemove.pb.swift in Sources */ = {isa = PBXBuildFile; fileRef = FA39E2A11F8BAD8500F723E0 /* UserProfileSetSelfRemove.pb.swift */; };
		FA39E3BE1F8BAE4700F723E0 /* UserProfileUpdateUsername.pb.swift in Sources */ = {isa = PBXBuildFile; fileRef = FA39E2961F8BAD8400F723E0 /* UserProfileUpdateUsername.pb.swift */; };
		FA39E3BF1F8BAE4700F723E0 /* UserRegister.pb.swift in Sources */ = {isa = PBXBuildFile; fileRef = FA39E28E1F8BAD8400F723E0 /* UserRegister.pb.swift */; };
		FA39E3C01F8BAE4700F723E0 /* UserSessionGetActiveList.pb.swift in Sources */ = {isa = PBXBuildFile; fileRef = FA39E2DA1F8BAD9B00F723E0 /* UserSessionGetActiveList.pb.swift */; };
		FA39E3C11F8BAE4700F723E0 /* UserSessionLogout.pb.swift in Sources */ = {isa = PBXBuildFile; fileRef = FA39E2E21F8BAD9E00F723E0 /* UserSessionLogout.pb.swift */; };
		FA39E3C21F8BAE4700F723E0 /* UserSessionTerminate.pb.swift in Sources */ = {isa = PBXBuildFile; fileRef = FA39E3171F8BADBB00F723E0 /* UserSessionTerminate.pb.swift */; };
		FA39E3C31F8BAE4700F723E0 /* UserTwoStepVerificationChangeHint.pb.swift in Sources */ = {isa = PBXBuildFile; fileRef = FA39E31B1F8BADBC00F723E0 /* UserTwoStepVerificationChangeHint.pb.swift */; };
		FA39E3C41F8BAE4700F723E0 /* UserTwoStepVerificationChangeRecoveryEmail.pb.swift in Sources */ = {isa = PBXBuildFile; fileRef = FA39E2F41F8BADA800F723E0 /* UserTwoStepVerificationChangeRecoveryEmail.pb.swift */; };
		FA39E3C51F8BAE4700F723E0 /* UserTwoStepVerificationChangeRecoveryQuestion.pb.swift in Sources */ = {isa = PBXBuildFile; fileRef = FA39E31E1F8BADBF00F723E0 /* UserTwoStepVerificationChangeRecoveryQuestion.pb.swift */; };
		FA39E3C61F8BAE4700F723E0 /* UserTwoStepVerificationCheckPassword.pb.swift in Sources */ = {isa = PBXBuildFile; fileRef = FA39E28F1F8BAD8400F723E0 /* UserTwoStepVerificationCheckPassword.pb.swift */; };
		FA39E3C71F8BAE4700F723E0 /* UserTwoStepVerificationGetPasswordDetail.pb.swift in Sources */ = {isa = PBXBuildFile; fileRef = FA39E2BA1F8BAD8A00F723E0 /* UserTwoStepVerificationGetPasswordDetail.pb.swift */; };
		FA39E3C81F8BAE4700F723E0 /* UserTwoStepVerificationRecoverPasswordByAnswers.pb.swift in Sources */ = {isa = PBXBuildFile; fileRef = FA39E29F1F8BAD8500F723E0 /* UserTwoStepVerificationRecoverPasswordByAnswers.pb.swift */; };
		FA39E3C91F8BAE4700F723E0 /* UserTwoStepVerificationRecoverPasswordByToken.pb.swift in Sources */ = {isa = PBXBuildFile; fileRef = FA39E2EB1F8BADA400F723E0 /* UserTwoStepVerificationRecoverPasswordByToken.pb.swift */; };
		FA39E3CA1F8BAE4700F723E0 /* UserTwoStepVerificationRequestRecoveryToken.pb.swift in Sources */ = {isa = PBXBuildFile; fileRef = FA39E30D1F8BADB600F723E0 /* UserTwoStepVerificationRequestRecoveryToken.pb.swift */; };
		FA39E3CB1F8BAE4700F723E0 /* UserTwoStepVerificationResendVerifyEmail.pb.swift in Sources */ = {isa = PBXBuildFile; fileRef = FA39E2E31F8BAD9F00F723E0 /* UserTwoStepVerificationResendVerifyEmail.pb.swift */; };
		FA39E3CC1F8BAE4700F723E0 /* UserTwoStepVerificationSetPassword.pb.swift in Sources */ = {isa = PBXBuildFile; fileRef = FA39E31C1F8BADBD00F723E0 /* UserTwoStepVerificationSetPassword.pb.swift */; };
		FA39E3CD1F8BAE4700F723E0 /* UserTwoStepVerificationUnsetPassword.pb.swift in Sources */ = {isa = PBXBuildFile; fileRef = FA39E3121F8BADB800F723E0 /* UserTwoStepVerificationUnsetPassword.pb.swift */; };
		FA39E3CE1F8BAE4700F723E0 /* UserTwoStepVerificationVerifyPassword.pb.swift in Sources */ = {isa = PBXBuildFile; fileRef = FA39E31D1F8BADBE00F723E0 /* UserTwoStepVerificationVerifyPassword.pb.swift */; };
		FA39E3CF1F8BAE4700F723E0 /* UserTwoStepVerificationVerifyRecoveryEmail.pb.swift in Sources */ = {isa = PBXBuildFile; fileRef = FA39E2A61F8BAD8600F723E0 /* UserTwoStepVerificationVerifyRecoveryEmail.pb.swift */; };
		FA39E3D01F8BAE4700F723E0 /* UserUpdateStatus.pb.swift in Sources */ = {isa = PBXBuildFile; fileRef = FA39E3071F8BADB400F723E0 /* UserUpdateStatus.pb.swift */; };
		FA39E3D11F8BAE4700F723E0 /* UserUsernameToId.pb.swift in Sources */ = {isa = PBXBuildFile; fileRef = FA39E3081F8BADB400F723E0 /* UserUsernameToId.pb.swift */; };
		FA39E3D21F8BAE4700F723E0 /* UserVerify.pb.swift in Sources */ = {isa = PBXBuildFile; fileRef = FA39E2A31F8BAD8600F723E0 /* UserVerify.pb.swift */; };
		FA39E3D31F8BAE4700F723E0 /* UserVerifyNewDevice.pb.swift in Sources */ = {isa = PBXBuildFile; fileRef = FA39E2DB1F8BAD9C00F723E0 /* UserVerifyNewDevice.pb.swift */; };
		FA76382E1E2FFD5E00C24391 /* IGProtoBuff.h in Headers */ = {isa = PBXBuildFile; fileRef = FA76382C1E2FFD5E00C24391 /* IGProtoBuff.h */; settings = {ATTRIBUTES = (Public, ); }; };
		FA7638361E2FFFD200C24391 /* ProtocolBuffers.framework in Frameworks */ = {isa = PBXBuildFile; fileRef = FA7638351E2FFFD200C24391 /* ProtocolBuffers.framework */; };
/* End PBXBuildFile section */

/* Begin PBXFileReference section */
		FA39E2821F8BAD8300F723E0 /* InfoTime.pb.swift */ = {isa = PBXFileReference; lastKnownFileType = sourcecode.swift; path = InfoTime.pb.swift; sourceTree = "<group>"; };
		FA39E2831F8BAD8300F723E0 /* QrCodeAddContact.pb.swift */ = {isa = PBXFileReference; lastKnownFileType = sourcecode.swift; path = QrCodeAddContact.pb.swift; sourceTree = "<group>"; };
		FA39E2841F8BAD8300F723E0 /* GroupAddModerator.pb.swift */ = {isa = PBXFileReference; lastKnownFileType = sourcecode.swift; path = GroupAddModerator.pb.swift; sourceTree = "<group>"; };
		FA39E2851F8BAD8300F723E0 /* ClientGetRoomMessage.pb.swift */ = {isa = PBXFileReference; lastKnownFileType = sourcecode.swift; path = ClientGetRoomMessage.pb.swift; sourceTree = "<group>"; };
		FA39E2861F8BAD8300F723E0 /* ChatGetDraft.pb.swift */ = {isa = PBXFileReference; lastKnownFileType = sourcecode.swift; path = ChatGetDraft.pb.swift; sourceTree = "<group>"; };
		FA39E2871F8BAD8300F723E0 /* GroupGetMemberList.pb.swift */ = {isa = PBXFileReference; lastKnownFileType = sourcecode.swift; path = GroupGetMemberList.pb.swift; sourceTree = "<group>"; };
		FA39E2881F8BAD8300F723E0 /* GroupDeleteMessage.pb.swift */ = {isa = PBXFileReference; lastKnownFileType = sourcecode.swift; path = GroupDeleteMessage.pb.swift; sourceTree = "<group>"; };
		FA39E2891F8BAD8300F723E0 /* ChannelRevokeLink.pb.swift */ = {isa = PBXFileReference; lastKnownFileType = sourcecode.swift; path = ChannelRevokeLink.pb.swift; sourceTree = "<group>"; };
		FA39E28A1F8BAD8300F723E0 /* ClientUnsubscribeFromRoom.pb.swift */ = {isa = PBXFileReference; lastKnownFileType = sourcecode.swift; path = ClientUnsubscribeFromRoom.pb.swift; sourceTree = "<group>"; };
		FA39E28B1F8BAD8300F723E0 /* GeoUpdateComment.pb.swift */ = {isa = PBXFileReference; lastKnownFileType = sourcecode.swift; path = GeoUpdateComment.pb.swift; sourceTree = "<group>"; };
		FA39E28C1F8BAD8300F723E0 /* FileUploadStatus.pb.swift */ = {isa = PBXFileReference; lastKnownFileType = sourcecode.swift; path = FileUploadStatus.pb.swift; sourceTree = "<group>"; };
		FA39E28D1F8BAD8300F723E0 /* SignalingOffer.pb.swift */ = {isa = PBXFileReference; lastKnownFileType = sourcecode.swift; path = SignalingOffer.pb.swift; sourceTree = "<group>"; };
		FA39E28E1F8BAD8400F723E0 /* UserRegister.pb.swift */ = {isa = PBXFileReference; lastKnownFileType = sourcecode.swift; path = UserRegister.pb.swift; sourceTree = "<group>"; };
		FA39E28F1F8BAD8400F723E0 /* UserTwoStepVerificationCheckPassword.pb.swift */ = {isa = PBXFileReference; lastKnownFileType = sourcecode.swift; path = UserTwoStepVerificationCheckPassword.pb.swift; sourceTree = "<group>"; };
		FA39E2901F8BAD8400F723E0 /* ChannelRemoveUsername.pb.swift */ = {isa = PBXFileReference; lastKnownFileType = sourcecode.swift; path = ChannelRemoveUsername.pb.swift; sourceTree = "<group>"; };
		FA39E2911F8BAD8400F723E0 /* ChannelKickMember.pb.swift */ = {isa = PBXFileReference; lastKnownFileType = sourcecode.swift; path = ChannelKickMember.pb.swift; sourceTree = "<group>"; };
		FA39E2921F8BAD8400F723E0 /* GroupUpdateUsername.pb.swift */ = {isa = PBXFileReference; lastKnownFileType = sourcecode.swift; path = GroupUpdateUsername.pb.swift; sourceTree = "<group>"; };
		FA39E2931F8BAD8400F723E0 /* ClientSearchUsername.pb.swift */ = {isa = PBXFileReference; lastKnownFileType = sourcecode.swift; path = ClientSearchUsername.pb.swift; sourceTree = "<group>"; };
		FA39E2941F8BAD8400F723E0 /* SignalingCandidate.pb.swift */ = {isa = PBXFileReference; lastKnownFileType = sourcecode.swift; path = SignalingCandidate.pb.swift; sourceTree = "<group>"; };
		FA39E2951F8BAD8400F723E0 /* SignalingGetLog.pb.swift */ = {isa = PBXFileReference; lastKnownFileType = sourcecode.swift; path = SignalingGetLog.pb.swift; sourceTree = "<group>"; };
		FA39E2961F8BAD8400F723E0 /* UserProfileUpdateUsername.pb.swift */ = {isa = PBXFileReference; lastKnownFileType = sourcecode.swift; path = UserProfileUpdateUsername.pb.swift; sourceTree = "<group>"; };
		FA39E2971F8BAD8400F723E0 /* ChatSendMessage.pb.swift */ = {isa = PBXFileReference; lastKnownFileType = sourcecode.swift; path = ChatSendMessage.pb.swift; sourceTree = "<group>"; };
		FA39E2981F8BAD8500F723E0 /* GeoGetNearbyDistance.pb.swift */ = {isa = PBXFileReference; lastKnownFileType = sourcecode.swift; path = GeoGetNearbyDistance.pb.swift; sourceTree = "<group>"; };
		FA39E2991F8BAD8500F723E0 /* UserProfileSetNickname.pb.swift */ = {isa = PBXFileReference; lastKnownFileType = sourcecode.swift; path = UserProfileSetNickname.pb.swift; sourceTree = "<group>"; };
		FA39E29A1F8BAD8500F723E0 /* ChannelLeft.pb.swift */ = {isa = PBXFileReference; lastKnownFileType = sourcecode.swift; path = ChannelLeft.pb.swift; sourceTree = "<group>"; };
		FA39E29B1F8BAD8500F723E0 /* GroupAddAdmin.pb.swift */ = {isa = PBXFileReference; lastKnownFileType = sourcecode.swift; path = GroupAddAdmin.pb.swift; sourceTree = "<group>"; };
		FA39E29C1F8BAD8500F723E0 /* QrCodeAddMe.pb.swift */ = {isa = PBXFileReference; lastKnownFileType = sourcecode.swift; path = QrCodeAddMe.pb.swift; sourceTree = "<group>"; };
		FA39E29D1F8BAD8500F723E0 /* UserContactsGetBlockedList.pb.swift */ = {isa = PBXFileReference; lastKnownFileType = sourcecode.swift; path = UserContactsGetBlockedList.pb.swift; sourceTree = "<group>"; };
		FA39E29E1F8BAD8500F723E0 /* UserProfileSetGender.pb.swift */ = {isa = PBXFileReference; lastKnownFileType = sourcecode.swift; path = UserProfileSetGender.pb.swift; sourceTree = "<group>"; };
		FA39E29F1F8BAD8500F723E0 /* UserTwoStepVerificationRecoverPasswordByAnswers.pb.swift */ = {isa = PBXFileReference; lastKnownFileType = sourcecode.swift; path = UserTwoStepVerificationRecoverPasswordByAnswers.pb.swift; sourceTree = "<group>"; };
		FA39E2A01F8BAD8500F723E0 /* ChatUpdateStatus.pb.swift */ = {isa = PBXFileReference; lastKnownFileType = sourcecode.swift; path = ChatUpdateStatus.pb.swift; sourceTree = "<group>"; };
		FA39E2A11F8BAD8500F723E0 /* UserProfileSetSelfRemove.pb.swift */ = {isa = PBXFileReference; lastKnownFileType = sourcecode.swift; path = UserProfileSetSelfRemove.pb.swift; sourceTree = "<group>"; };
		FA39E2A21F8BAD8600F723E0 /* ChatDelete.pb.swift */ = {isa = PBXFileReference; lastKnownFileType = sourcecode.swift; path = ChatDelete.pb.swift; sourceTree = "<group>"; };
		FA39E2A31F8BAD8600F723E0 /* UserVerify.pb.swift */ = {isa = PBXFileReference; lastKnownFileType = sourcecode.swift; path = UserVerify.pb.swift; sourceTree = "<group>"; };
		FA39E2A41F8BAD8600F723E0 /* ChannelDelete.pb.swift */ = {isa = PBXFileReference; lastKnownFileType = sourcecode.swift; path = ChannelDelete.pb.swift; sourceTree = "<group>"; };
		FA39E2A51F8BAD8600F723E0 /* UserContactsUnblock.pb.swift */ = {isa = PBXFileReference; lastKnownFileType = sourcecode.swift; path = UserContactsUnblock.pb.swift; sourceTree = "<group>"; };
		FA39E2A61F8BAD8600F723E0 /* UserTwoStepVerificationVerifyRecoveryEmail.pb.swift */ = {isa = PBXFileReference; lastKnownFileType = sourcecode.swift; path = UserTwoStepVerificationVerifyRecoveryEmail.pb.swift; sourceTree = "<group>"; };
		FA39E2A71F8BAD8600F723E0 /* ChatGetRoom.pb.swift */ = {isa = PBXFileReference; lastKnownFileType = sourcecode.swift; path = ChatGetRoom.pb.swift; sourceTree = "<group>"; };
		FA39E2A81F8BAD8600F723E0 /* FileUpload.pb.swift */ = {isa = PBXFileReference; lastKnownFileType = sourcecode.swift; path = FileUpload.pb.swift; sourceTree = "<group>"; };
		FA39E2A91F8BAD8700F723E0 /* ChatUpdateDraft.pb.swift */ = {isa = PBXFileReference; lastKnownFileType = sourcecode.swift; path = ChatUpdateDraft.pb.swift; sourceTree = "<group>"; };
		FA39E2AA1F8BAD8700F723E0 /* ChannelSetAction.pb.swift */ = {isa = PBXFileReference; lastKnownFileType = sourcecode.swift; path = ChannelSetAction.pb.swift; sourceTree = "<group>"; };
		FA39E2AB1F8BAD8700F723E0 /* PushRateSignaling.pb.swift */ = {isa = PBXFileReference; lastKnownFileType = sourcecode.swift; path = PushRateSignaling.pb.swift; sourceTree = "<group>"; };
		FA39E2AC1F8BAD8700F723E0 /* ClientJoinByUsername.pb.swift */ = {isa = PBXFileReference; lastKnownFileType = sourcecode.swift; path = ClientJoinByUsername.pb.swift; sourceTree = "<group>"; };
		FA39E2AD1F8BAD8700F723E0 /* GroupClearMessage.pb.swift */ = {isa = PBXFileReference; lastKnownFileType = sourcecode.swift; path = GroupClearMessage.pb.swift; sourceTree = "<group>"; };
		FA39E2AE1F8BAD8700F723E0 /* UserProfileGetSelfRemove.pb.swift */ = {isa = PBXFileReference; lastKnownFileType = sourcecode.swift; path = UserProfileGetSelfRemove.pb.swift; sourceTree = "<group>"; };
		FA39E2AF1F8BAD8800F723E0 /* UserAvatarGetList.pb.swift */ = {isa = PBXFileReference; lastKnownFileType = sourcecode.swift; path = UserAvatarGetList.pb.swift; sourceTree = "<group>"; };
		FA39E2B01F8BAD8800F723E0 /* ChannelGetMemberList.pb.swift */ = {isa = PBXFileReference; lastKnownFileType = sourcecode.swift; path = ChannelGetMemberList.pb.swift; sourceTree = "<group>"; };
		FA39E2B11F8BAD8800F723E0 /* GroupGetDraft.pb.swift */ = {isa = PBXFileReference; lastKnownFileType = sourcecode.swift; path = GroupGetDraft.pb.swift; sourceTree = "<group>"; };
		FA39E2B21F8BAD8800F723E0 /* UserContactsImport.pb.swift */ = {isa = PBXFileReference; lastKnownFileType = sourcecode.swift; path = UserContactsImport.pb.swift; sourceTree = "<group>"; };
		FA39E2B31F8BAD8800F723E0 /* GroupEdit.pb.swift */ = {isa = PBXFileReference; lastKnownFileType = sourcecode.swift; path = GroupEdit.pb.swift; sourceTree = "<group>"; };
		FA39E2B41F8BAD8900F723E0 /* UserProfileGetEmail.pb.swift */ = {isa = PBXFileReference; lastKnownFileType = sourcecode.swift; path = UserProfileGetEmail.pb.swift; sourceTree = "<group>"; };
		FA39E2B51F8BAD8900F723E0 /* UserInfo.pb.swift */ = {isa = PBXFileReference; lastKnownFileType = sourcecode.swift; path = UserInfo.pb.swift; sourceTree = "<group>"; };
		FA39E2B61F8BAD8900F723E0 /* GroupDelete.pb.swift */ = {isa = PBXFileReference; lastKnownFileType = sourcecode.swift; path = GroupDelete.pb.swift; sourceTree = "<group>"; };
		FA39E2B71F8BAD8900F723E0 /* ChannelCreate.pb.swift */ = {isa = PBXFileReference; lastKnownFileType = sourcecode.swift; path = ChannelCreate.pb.swift; sourceTree = "<group>"; };
		FA39E2B81F8BAD8900F723E0 /* ClientGetRoom.pb.swift */ = {isa = PBXFileReference; lastKnownFileType = sourcecode.swift; path = ClientGetRoom.pb.swift; sourceTree = "<group>"; };
		FA39E2B91F8BAD8A00F723E0 /* GeoRegister.pb.swift */ = {isa = PBXFileReference; lastKnownFileType = sourcecode.swift; path = GeoRegister.pb.swift; sourceTree = "<group>"; };
		FA39E2BA1F8BAD8A00F723E0 /* UserTwoStepVerificationGetPasswordDetail.pb.swift */ = {isa = PBXFileReference; lastKnownFileType = sourcecode.swift; path = UserTwoStepVerificationGetPasswordDetail.pb.swift; sourceTree = "<group>"; };
		FA39E2BB1F8BAD8A00F723E0 /* GroupCheckUsername.pb.swift */ = {isa = PBXFileReference; lastKnownFileType = sourcecode.swift; path = GroupCheckUsername.pb.swift; sourceTree = "<group>"; };
		FA39E2BC1F8BAD8A00F723E0 /* ChannelGetMessagesStats.pb.swift */ = {isa = PBXFileReference; lastKnownFileType = sourcecode.swift; path = ChannelGetMessagesStats.pb.swift; sourceTree = "<group>"; };
		FA39E2BD1F8BAD8A00F723E0 /* ChannelUpdateSignature.pb.swift */ = {isa = PBXFileReference; lastKnownFileType = sourcecode.swift; path = ChannelUpdateSignature.pb.swift; sourceTree = "<group>"; };
		FA39E2BE1F8BAD8B00F723E0 /* ClientCheckInviteLink.pb.swift */ = {isa = PBXFileReference; lastKnownFileType = sourcecode.swift; path = ClientCheckInviteLink.pb.swift; sourceTree = "<group>"; };
		FA39E2BF1F8BAD8B00F723E0 /* UserLogin.pb.swift */ = {isa = PBXFileReference; lastKnownFileType = sourcecode.swift; path = UserLogin.pb.swift; sourceTree = "<group>"; };
		FA39E2C01F8BAD8B00F723E0 /* ClientSearchRoomHistory.pb.swift */ = {isa = PBXFileReference; lastKnownFileType = sourcecode.swift; path = ClientSearchRoomHistory.pb.swift; sourceTree = "<group>"; };
		FA39E2C11F8BAD8C00F723E0 /* UserPrivacyGetRule.pb.swift */ = {isa = PBXFileReference; lastKnownFileType = sourcecode.swift; path = UserPrivacyGetRule.pb.swift; sourceTree = "<group>"; };
		FA39E2C21F8BAD8D00F723E0 /* ClientGetRoomHistory.pb.swift */ = {isa = PBXFileReference; lastKnownFileType = sourcecode.swift; path = ClientGetRoomHistory.pb.swift; sourceTree = "<group>"; };
		FA39E2C31F8BAD8D00F723E0 /* GroupSendMessage.pb.swift */ = {isa = PBXFileReference; lastKnownFileType = sourcecode.swift; path = GroupSendMessage.pb.swift; sourceTree = "<group>"; };
		FA39E2C41F8BAD8E00F723E0 /* GeoGetRegisterStatus.pb.swift */ = {isa = PBXFileReference; lastKnownFileType = sourcecode.swift; path = GeoGetRegisterStatus.pb.swift; sourceTree = "<group>"; };
		FA39E2C51F8BAD8E00F723E0 /* ChannelUpdateUsername.pb.swift */ = {isa = PBXFileReference; lastKnownFileType = sourcecode.swift; path = ChannelUpdateUsername.pb.swift; sourceTree = "<group>"; };
		FA39E2C61F8BAD8E00F723E0 /* InfoCountry.pb.swift */ = {isa = PBXFileReference; lastKnownFileType = sourcecode.swift; path = InfoCountry.pb.swift; sourceTree = "<group>"; };
		FA39E2C71F8BAD8F00F723E0 /* GroupUpdateDraft.pb.swift */ = {isa = PBXFileReference; lastKnownFileType = sourcecode.swift; path = GroupUpdateDraft.pb.swift; sourceTree = "<group>"; };
		FA39E2C81F8BAD9000F723E0 /* GroupKickAdmin.pb.swift */ = {isa = PBXFileReference; lastKnownFileType = sourcecode.swift; path = GroupKickAdmin.pb.swift; sourceTree = "<group>"; };
		FA39E2C91F8BAD9100F723E0 /* ChannelDeleteMessage.pb.swift */ = {isa = PBXFileReference; lastKnownFileType = sourcecode.swift; path = ChannelDeleteMessage.pb.swift; sourceTree = "<group>"; };
		FA39E2CA1F8BAD9200F723E0 /* ChannelEditMessage.pb.swift */ = {isa = PBXFileReference; lastKnownFileType = sourcecode.swift; path = ChannelEditMessage.pb.swift; sourceTree = "<group>"; };
		FA39E2CB1F8BAD9200F723E0 /* ChatSetAction.pb.swift */ = {isa = PBXFileReference; lastKnownFileType = sourcecode.swift; path = ChatSetAction.pb.swift; sourceTree = "<group>"; };
		FA39E2CC1F8BAD9200F723E0 /* GeoUpdatePosition.pb.swift */ = {isa = PBXFileReference; lastKnownFileType = sourcecode.swift; path = GeoUpdatePosition.pb.swift; sourceTree = "<group>"; };
		FA39E2CD1F8BAD9300F723E0 /* GroupAddMember.pb.swift */ = {isa = PBXFileReference; lastKnownFileType = sourcecode.swift; path = GroupAddMember.pb.swift; sourceTree = "<group>"; };
		FA39E2CE1F8BAD9400F723E0 /* GroupAvatarGetList.pb.swift */ = {isa = PBXFileReference; lastKnownFileType = sourcecode.swift; path = GroupAvatarGetList.pb.swift; sourceTree = "<group>"; };
		FA39E2CF1F8BAD9500F723E0 /* FileUploadOption.pb.swift */ = {isa = PBXFileReference; lastKnownFileType = sourcecode.swift; path = FileUploadOption.pb.swift; sourceTree = "<group>"; };
		FA39E2D01F8BAD9600F723E0 /* GroupAvatarDelete.pb.swift */ = {isa = PBXFileReference; lastKnownFileType = sourcecode.swift; path = GroupAvatarDelete.pb.swift; sourceTree = "<group>"; };
		FA39E2D11F8BAD9600F723E0 /* ConnectionSecuring.pb.swift */ = {isa = PBXFileReference; lastKnownFileType = sourcecode.swift; path = ConnectionSecuring.pb.swift; sourceTree = "<group>"; };
		FA39E2D21F8BAD9600F723E0 /* QrCodeJoin.pb.swift */ = {isa = PBXFileReference; lastKnownFileType = sourcecode.swift; path = QrCodeJoin.pb.swift; sourceTree = "<group>"; };
		FA39E2D31F8BAD9700F723E0 /* QrCodeResolve.pb.swift */ = {isa = PBXFileReference; lastKnownFileType = sourcecode.swift; path = QrCodeResolve.pb.swift; sourceTree = "<group>"; };
		FA39E2D41F8BAD9800F723E0 /* ClientJoinByInviteLink.pb.swift */ = {isa = PBXFileReference; lastKnownFileType = sourcecode.swift; path = ClientJoinByInviteLink.pb.swift; sourceTree = "<group>"; };
		FA39E2D51F8BAD9800F723E0 /* GroupAvatarAdd.pb.swift */ = {isa = PBXFileReference; lastKnownFileType = sourcecode.swift; path = GroupAvatarAdd.pb.swift; sourceTree = "<group>"; };
		FA39E2D61F8BAD9800F723E0 /* UserContactsBlock.pb.swift */ = {isa = PBXFileReference; lastKnownFileType = sourcecode.swift; path = UserContactsBlock.pb.swift; sourceTree = "<group>"; };
		FA39E2D71F8BAD9900F723E0 /* UserPrivacySetRule.pb.swift */ = {isa = PBXFileReference; lastKnownFileType = sourcecode.swift; path = UserPrivacySetRule.pb.swift; sourceTree = "<group>"; };
		FA39E2D81F8BAD9900F723E0 /* UserProfileGetNickname.pb.swift */ = {isa = PBXFileReference; lastKnownFileType = sourcecode.swift; path = UserProfileGetNickname.pb.swift; sourceTree = "<group>"; };
		FA39E2D91F8BAD9A00F723E0 /* Request.pb.swift */ = {isa = PBXFileReference; lastKnownFileType = sourcecode.swift; path = Request.pb.swift; sourceTree = "<group>"; };
		FA39E2DA1F8BAD9B00F723E0 /* UserSessionGetActiveList.pb.swift */ = {isa = PBXFileReference; lastKnownFileType = sourcecode.swift; path = UserSessionGetActiveList.pb.swift; sourceTree = "<group>"; };
		FA39E2DB1F8BAD9C00F723E0 /* UserVerifyNewDevice.pb.swift */ = {isa = PBXFileReference; lastKnownFileType = sourcecode.swift; path = UserVerifyNewDevice.pb.swift; sourceTree = "<group>"; };
		FA39E2DC1F8BAD9C00F723E0 /* Global.pb.swift */ = {isa = PBXFileReference; lastKnownFileType = sourcecode.swift; path = Global.pb.swift; sourceTree = "<group>"; };
		FA39E2DD1F8BAD9C00F723E0 /* ChannelAddModerator.pb.swift */ = {isa = PBXFileReference; lastKnownFileType = sourcecode.swift; path = ChannelAddModerator.pb.swift; sourceTree = "<group>"; };
		FA39E2DE1F8BAD9C00F723E0 /* ChatEditMessage.pb.swift */ = {isa = PBXFileReference; lastKnownFileType = sourcecode.swift; path = ChatEditMessage.pb.swift; sourceTree = "<group>"; };
		FA39E2DF1F8BAD9C00F723E0 /* ChannelKickModerator.pb.swift */ = {isa = PBXFileReference; lastKnownFileType = sourcecode.swift; path = ChannelKickModerator.pb.swift; sourceTree = "<group>"; };
		FA39E2E01F8BAD9C00F723E0 /* GeoGetNearbyCoordinate.pb.swift */ = {isa = PBXFileReference; lastKnownFileType = sourcecode.swift; path = GeoGetNearbyCoordinate.pb.swift; sourceTree = "<group>"; };
		FA39E2E11F8BAD9D00F723E0 /* UserProfileGetGender.pb.swift */ = {isa = PBXFileReference; lastKnownFileType = sourcecode.swift; path = UserProfileGetGender.pb.swift; sourceTree = "<group>"; };
		FA39E2E21F8BAD9E00F723E0 /* UserSessionLogout.pb.swift */ = {isa = PBXFileReference; lastKnownFileType = sourcecode.swift; path = UserSessionLogout.pb.swift; sourceTree = "<group>"; };
		FA39E2E31F8BAD9F00F723E0 /* UserTwoStepVerificationResendVerifyEmail.pb.swift */ = {isa = PBXFileReference; lastKnownFileType = sourcecode.swift; path = UserTwoStepVerificationResendVerifyEmail.pb.swift; sourceTree = "<group>"; };
		FA39E2E41F8BAD9F00F723E0 /* ChannelKickAdmin.pb.swift */ = {isa = PBXFileReference; lastKnownFileType = sourcecode.swift; path = ChannelKickAdmin.pb.swift; sourceTree = "<group>"; };
		FA39E2E51F8BADA000F723E0 /* UserContactsGetList.pb.swift */ = {isa = PBXFileReference; lastKnownFileType = sourcecode.swift; path = UserContactsGetList.pb.swift; sourceTree = "<group>"; };
		FA39E2E61F8BADA000F723E0 /* PushLoginToken.pb.swift */ = {isa = PBXFileReference; lastKnownFileType = sourcecode.swift; path = PushLoginToken.pb.swift; sourceTree = "<group>"; };
		FA39E2E71F8BADA100F723E0 /* GroupRemoveUsername.pb.swift */ = {isa = PBXFileReference; lastKnownFileType = sourcecode.swift; path = GroupRemoveUsername.pb.swift; sourceTree = "<group>"; };
		FA39E2E81F8BADA100F723E0 /* SignalingRinging.pb.swift */ = {isa = PBXFileReference; lastKnownFileType = sourcecode.swift; path = SignalingRinging.pb.swift; sourceTree = "<group>"; };
		FA39E2E91F8BADA200F723E0 /* ChannelAvatarDelete.pb.swift */ = {isa = PBXFileReference; lastKnownFileType = sourcecode.swift; path = ChannelAvatarDelete.pb.swift; sourceTree = "<group>"; };
		FA39E2EA1F8BADA300F723E0 /* InfoPage.pb.swift */ = {isa = PBXFileReference; lastKnownFileType = sourcecode.swift; path = InfoPage.pb.swift; sourceTree = "<group>"; };
		FA39E2EB1F8BADA400F723E0 /* UserTwoStepVerificationRecoverPasswordByToken.pb.swift */ = {isa = PBXFileReference; lastKnownFileType = sourcecode.swift; path = UserTwoStepVerificationRecoverPasswordByToken.pb.swift; sourceTree = "<group>"; };
		FA39E2EC1F8BADA400F723E0 /* ClientResolveUsername.pb.swift */ = {isa = PBXFileReference; lastKnownFileType = sourcecode.swift; path = ClientResolveUsername.pb.swift; sourceTree = "<group>"; };
		FA39E2ED1F8BADA400F723E0 /* UserAvatarDelete.pb.swift */ = {isa = PBXFileReference; lastKnownFileType = sourcecode.swift; path = UserAvatarDelete.pb.swift; sourceTree = "<group>"; };
		FA39E2EE1F8BADA400F723E0 /* UserProfileSetEmail.pb.swift */ = {isa = PBXFileReference; lastKnownFileType = sourcecode.swift; path = UserProfileSetEmail.pb.swift; sourceTree = "<group>"; };
		FA39E2EF1F8BADA400F723E0 /* GroupSetAction.pb.swift */ = {isa = PBXFileReference; lastKnownFileType = sourcecode.swift; path = GroupSetAction.pb.swift; sourceTree = "<group>"; };
		FA39E2F01F8BADA500F723E0 /* GroupRevokeLink.pb.swift */ = {isa = PBXFileReference; lastKnownFileType = sourcecode.swift; path = GroupRevokeLink.pb.swift; sourceTree = "<group>"; };
		FA39E2F11F8BADA600F723E0 /* InfoWallpaper.pb.swift */ = {isa = PBXFileReference; lastKnownFileType = sourcecode.swift; path = InfoWallpaper.pb.swift; sourceTree = "<group>"; };
		FA39E2F21F8BADA700F723E0 /* ClientCondition.pb.swift */ = {isa = PBXFileReference; lastKnownFileType = sourcecode.swift; path = ClientCondition.pb.swift; sourceTree = "<group>"; };
		FA39E2F31F8BADA800F723E0 /* ChannelAddAdmin.pb.swift */ = {isa = PBXFileReference; lastKnownFileType = sourcecode.swift; path = ChannelAddAdmin.pb.swift; sourceTree = "<group>"; };
		FA39E2F41F8BADA800F723E0 /* UserTwoStepVerificationChangeRecoveryEmail.pb.swift */ = {isa = PBXFileReference; lastKnownFileType = sourcecode.swift; path = UserTwoStepVerificationChangeRecoveryEmail.pb.swift; sourceTree = "<group>"; };
		FA39E2F51F8BADA800F723E0 /* ChannelAvatarAdd.pb.swift */ = {isa = PBXFileReference; lastKnownFileType = sourcecode.swift; path = ChannelAvatarAdd.pb.swift; sourceTree = "<group>"; };
		FA39E2F61F8BADA900F723E0 /* ClientGetRoomList.pb.swift */ = {isa = PBXFileReference; lastKnownFileType = sourcecode.swift; path = ClientGetRoomList.pb.swift; sourceTree = "<group>"; };
		FA39E2F71F8BADAA00F723E0 /* ChatDeleteMessage.pb.swift */ = {isa = PBXFileReference; lastKnownFileType = sourcecode.swift; path = ChatDeleteMessage.pb.swift; sourceTree = "<group>"; };
		FA39E2F81F8BADAB00F723E0 /* UserContactsEdit.pb.swift */ = {isa = PBXFileReference; lastKnownFileType = sourcecode.swift; path = UserContactsEdit.pb.swift; sourceTree = "<group>"; };
		FA39E2F91F8BADAC00F723E0 /* UserAvatarAdd.pb.swift */ = {isa = PBXFileReference; lastKnownFileType = sourcecode.swift; path = UserAvatarAdd.pb.swift; sourceTree = "<group>"; };
		FA39E2FA1F8BADAC00F723E0 /* ChannelAddMember.pb.swift */ = {isa = PBXFileReference; lastKnownFileType = sourcecode.swift; path = ChannelAddMember.pb.swift; sourceTree = "<group>"; };
		FA39E2FB1F8BADAC00F723E0 /* ChannelEdit.pb.swift */ = {isa = PBXFileReference; lastKnownFileType = sourcecode.swift; path = ChannelEdit.pb.swift; sourceTree = "<group>"; };
		FA39E2FC1F8BADAD00F723E0 /* ChatConvertToGroup.pb.swift */ = {isa = PBXFileReference; lastKnownFileType = sourcecode.swift; path = ChatConvertToGroup.pb.swift; sourceTree = "<group>"; };
		FA39E2FD1F8BADAD00F723E0 /* ClientCountRoomHistory.pb.swift */ = {isa = PBXFileReference; lastKnownFileType = sourcecode.swift; path = ClientCountRoomHistory.pb.swift; sourceTree = "<group>"; };
		FA39E2FE1F8BADAD00F723E0 /* FileDownload.pb.swift */ = {isa = PBXFileReference; lastKnownFileType = sourcecode.swift; path = FileDownload.pb.swift; sourceTree = "<group>"; };
		FA39E2FF1F8BADAE00F723E0 /* FileInfo.pb.swift */ = {isa = PBXFileReference; lastKnownFileType = sourcecode.swift; path = FileInfo.pb.swift; sourceTree = "<group>"; };
		FA39E3001F8BADAF00F723E0 /* Heartbeat.pb.swift */ = {isa = PBXFileReference; lastKnownFileType = sourcecode.swift; path = Heartbeat.pb.swift; sourceTree = "<group>"; };
		FA39E3011F8BADB000F723E0 /* ChatClearMessage.pb.swift */ = {isa = PBXFileReference; lastKnownFileType = sourcecode.swift; path = ChatClearMessage.pb.swift; sourceTree = "<group>"; };
		FA39E3021F8BADB000F723E0 /* GroupUpdateStatus.pb.swift */ = {isa = PBXFileReference; lastKnownFileType = sourcecode.swift; path = GroupUpdateStatus.pb.swift; sourceTree = "<group>"; };
		FA39E3031F8BADB100F723E0 /* FileUploadInit.pb.swift */ = {isa = PBXFileReference; lastKnownFileType = sourcecode.swift; path = FileUploadInit.pb.swift; sourceTree = "<group>"; };
		FA39E3041F8BADB100F723E0 /* ChannelUpdateDraft.pb.swift */ = {isa = PBXFileReference; lastKnownFileType = sourcecode.swift; path = ChannelUpdateDraft.pb.swift; sourceTree = "<group>"; };
		FA39E3051F8BADB200F723E0 /* SignalingAccept.pb.swift */ = {isa = PBXFileReference; lastKnownFileType = sourcecode.swift; path = SignalingAccept.pb.swift; sourceTree = "<group>"; };
		FA39E3061F8BADB300F723E0 /* UserProfileCheckUsername.pb.swift */ = {isa = PBXFileReference; lastKnownFileType = sourcecode.swift; path = UserProfileCheckUsername.pb.swift; sourceTree = "<group>"; };
		FA39E3071F8BADB400F723E0 /* UserUpdateStatus.pb.swift */ = {isa = PBXFileReference; lastKnownFileType = sourcecode.swift; path = UserUpdateStatus.pb.swift; sourceTree = "<group>"; };
		FA39E3081F8BADB400F723E0 /* UserUsernameToId.pb.swift */ = {isa = PBXFileReference; lastKnownFileType = sourcecode.swift; path = UserUsernameToId.pb.swift; sourceTree = "<group>"; };
		FA39E3091F8BADB500F723E0 /* GroupLeft.pb.swift */ = {isa = PBXFileReference; lastKnownFileType = sourcecode.swift; path = GroupLeft.pb.swift; sourceTree = "<group>"; };
		FA39E30A1F8BADB500F723E0 /* QrCodeNewDevice.pb.swift */ = {isa = PBXFileReference; lastKnownFileType = sourcecode.swift; path = QrCodeNewDevice.pb.swift; sourceTree = "<group>"; };
		FA39E30B1F8BADB500F723E0 /* UserGetDeleteToken.pb.swift */ = {isa = PBXFileReference; lastKnownFileType = sourcecode.swift; path = UserGetDeleteToken.pb.swift; sourceTree = "<group>"; };
		FA39E30C1F8BADB600F723E0 /* ChannelAddMessageReaction.pb.swift */ = {isa = PBXFileReference; lastKnownFileType = sourcecode.swift; path = ChannelAddMessageReaction.pb.swift; sourceTree = "<group>"; };
		FA39E30D1F8BADB600F723E0 /* UserTwoStepVerificationRequestRecoveryToken.pb.swift */ = {isa = PBXFileReference; lastKnownFileType = sourcecode.swift; path = UserTwoStepVerificationRequestRecoveryToken.pb.swift; sourceTree = "<group>"; };
		FA39E30E1F8BADB700F723E0 /* PushTwoStepVerification.pb.swift */ = {isa = PBXFileReference; lastKnownFileType = sourcecode.swift; path = PushTwoStepVerification.pb.swift; sourceTree = "<group>"; };
		FA39E30F1F8BADB700F723E0 /* SignalingRate.pb.swift */ = {isa = PBXFileReference; lastKnownFileType = sourcecode.swift; path = SignalingRate.pb.swift; sourceTree = "<group>"; };
		FA39E3101F8BADB700F723E0 /* Response.pb.swift */ = {isa = PBXFileReference; lastKnownFileType = sourcecode.swift; path = Response.pb.swift; sourceTree = "<group>"; };
		FA39E3111F8BADB800F723E0 /* UserContactsDelete.pb.swift */ = {isa = PBXFileReference; lastKnownFileType = sourcecode.swift; path = UserContactsDelete.pb.swift; sourceTree = "<group>"; };
		FA39E3121F8BADB800F723E0 /* UserTwoStepVerificationUnsetPassword.pb.swift */ = {isa = PBXFileReference; lastKnownFileType = sourcecode.swift; path = UserTwoStepVerificationUnsetPassword.pb.swift; sourceTree = "<group>"; };
		FA39E3131F8BADB800F723E0 /* InfoLocation.pb.swift */ = {isa = PBXFileReference; lastKnownFileType = sourcecode.swift; path = InfoLocation.pb.swift; sourceTree = "<group>"; };
		FA39E3141F8BADB900F723E0 /* SignalingSessionHold.pb.swift */ = {isa = PBXFileReference; lastKnownFileType = sourcecode.swift; path = SignalingSessionHold.pb.swift; sourceTree = "<group>"; };
		FA39E3151F8BADBA00F723E0 /* GeoGetComment.pb.swift */ = {isa = PBXFileReference; lastKnownFileType = sourcecode.swift; path = GeoGetComment.pb.swift; sourceTree = "<group>"; };
		FA39E3161F8BADBA00F723E0 /* SignalingLeave.pb.swift */ = {isa = PBXFileReference; lastKnownFileType = sourcecode.swift; path = SignalingLeave.pb.swift; sourceTree = "<group>"; };
		FA39E3171F8BADBB00F723E0 /* UserSessionTerminate.pb.swift */ = {isa = PBXFileReference; lastKnownFileType = sourcecode.swift; path = UserSessionTerminate.pb.swift; sourceTree = "<group>"; };
		FA39E3181F8BADBB00F723E0 /* GroupCreate.pb.swift */ = {isa = PBXFileReference; lastKnownFileType = sourcecode.swift; path = GroupCreate.pb.swift; sourceTree = "<group>"; };
		FA39E3191F8BADBB00F723E0 /* ChannelCheckUsername.pb.swift */ = {isa = PBXFileReference; lastKnownFileType = sourcecode.swift; path = ChannelCheckUsername.pb.swift; sourceTree = "<group>"; };
		FA39E31A1F8BADBB00F723E0 /* SignalingClearLog.pb.swift */ = {isa = PBXFileReference; lastKnownFileType = sourcecode.swift; path = SignalingClearLog.pb.swift; sourceTree = "<group>"; };
		FA39E31B1F8BADBC00F723E0 /* UserTwoStepVerificationChangeHint.pb.swift */ = {isa = PBXFileReference; lastKnownFileType = sourcecode.swift; path = UserTwoStepVerificationChangeHint.pb.swift; sourceTree = "<group>"; };
		FA39E31C1F8BADBD00F723E0 /* UserTwoStepVerificationSetPassword.pb.swift */ = {isa = PBXFileReference; lastKnownFileType = sourcecode.swift; path = UserTwoStepVerificationSetPassword.pb.swift; sourceTree = "<group>"; };
		FA39E31D1F8BADBE00F723E0 /* UserTwoStepVerificationVerifyPassword.pb.swift */ = {isa = PBXFileReference; lastKnownFileType = sourcecode.swift; path = UserTwoStepVerificationVerifyPassword.pb.swift; sourceTree = "<group>"; };
		FA39E31E1F8BADBF00F723E0 /* UserTwoStepVerificationChangeRecoveryQuestion.pb.swift */ = {isa = PBXFileReference; lastKnownFileType = sourcecode.swift; path = UserTwoStepVerificationChangeRecoveryQuestion.pb.swift; sourceTree = "<group>"; };
		FA39E31F1F8BADBF00F723E0 /* GroupEditMessage.pb.swift */ = {isa = PBXFileReference; lastKnownFileType = sourcecode.swift; path = GroupEditMessage.pb.swift; sourceTree = "<group>"; };
		FA39E3201F8BADBF00F723E0 /* GroupKickModerator.pb.swift */ = {isa = PBXFileReference; lastKnownFileType = sourcecode.swift; path = GroupKickModerator.pb.swift; sourceTree = "<group>"; };
		FA39E3211F8BADC000F723E0 /* SignalingGetConfiguration.pb.swift */ = {isa = PBXFileReference; lastKnownFileType = sourcecode.swift; path = SignalingGetConfiguration.pb.swift; sourceTree = "<group>"; };
		FA39E3221F8BADC000F723E0 /* GroupKickMember.pb.swift */ = {isa = PBXFileReference; lastKnownFileType = sourcecode.swift; path = GroupKickMember.pb.swift; sourceTree = "<group>"; };
		FA39E3231F8BADC100F723E0 /* PushUserInfoExpired.pb.swift */ = {isa = PBXFileReference; lastKnownFileType = sourcecode.swift; path = PushUserInfoExpired.pb.swift; sourceTree = "<group>"; };
		FA39E3241F8BADC100F723E0 /* UserDelete.pb.swift */ = {isa = PBXFileReference; lastKnownFileType = sourcecode.swift; path = UserDelete.pb.swift; sourceTree = "<group>"; };
		FA39E3251F8BADC200F723E0 /* ChannelSendMessage.pb.swift */ = {isa = PBXFileReference; lastKnownFileType = sourcecode.swift; path = ChannelSendMessage.pb.swift; sourceTree = "<group>"; };
		FA39E3261F8BADC200F723E0 /* ChannelGetDraft.pb.swift */ = {isa = PBXFileReference; lastKnownFileType = sourcecode.swift; path = ChannelGetDraft.pb.swift; sourceTree = "<group>"; };
		FA39E3271F8BADC200F723E0 /* ClientSubscribeToRoom.pb.swift */ = {isa = PBXFileReference; lastKnownFileType = sourcecode.swift; path = ClientSubscribeToRoom.pb.swift; sourceTree = "<group>"; };
		FA39E3281F8BADC200F723E0 /* Error.pb.swift */ = {isa = PBXFileReference; lastKnownFileType = sourcecode.swift; path = Error.pb.swift; sourceTree = "<group>"; };
		FA39E3291F8BADC300F723E0 /* ChannelAvatarGetList.pb.swift */ = {isa = PBXFileReference; lastKnownFileType = sourcecode.swift; path = ChannelAvatarGetList.pb.swift; sourceTree = "<group>"; };
		FA39E32A1F8BADC400F723E0 /* GeoGetConfiguration.pb.swift */ = {isa = PBXFileReference; lastKnownFileType = sourcecode.swift; path = GeoGetConfiguration.pb.swift; sourceTree = "<group>"; };
		FA7638291E2FFD5E00C24391 /* IGProtoBuff.framework */ = {isa = PBXFileReference; explicitFileType = wrapper.framework; includeInIndex = 0; path = IGProtoBuff.framework; sourceTree = BUILT_PRODUCTS_DIR; };
		FA76382C1E2FFD5E00C24391 /* IGProtoBuff.h */ = {isa = PBXFileReference; lastKnownFileType = sourcecode.c.h; path = IGProtoBuff.h; sourceTree = "<group>"; };
		FA76382D1E2FFD5E00C24391 /* Info.plist */ = {isa = PBXFileReference; lastKnownFileType = text.plist.xml; path = Info.plist; sourceTree = "<group>"; };
		FA7638351E2FFFD200C24391 /* ProtocolBuffers.framework */ = {isa = PBXFileReference; lastKnownFileType = wrapper.framework; name = ProtocolBuffers.framework; path = Carthage/Build/iOS/ProtocolBuffers.framework; sourceTree = "<group>"; };
/* End PBXFileReference section */

/* Begin PBXFrameworksBuildPhase section */
		FA7638251E2FFD5E00C24391 /* Frameworks */ = {
			isa = PBXFrameworksBuildPhase;
			buildActionMask = 2147483647;
			files = (
				FA7638361E2FFFD200C24391 /* ProtocolBuffers.framework in Frameworks */,
			);
			runOnlyForDeploymentPostprocessing = 0;
		};
/* End PBXFrameworksBuildPhase section */

/* Begin PBXGroup section */
		FA5A9FF11F71ECEF00D925F5 /* ProtoBuffs */ = {
			isa = PBXGroup;
			children = (
				FA39E2F31F8BADA800F723E0 /* ChannelAddAdmin.pb.swift */,
				FA39E2FA1F8BADAC00F723E0 /* ChannelAddMember.pb.swift */,
				FA39E30C1F8BADB600F723E0 /* ChannelAddMessageReaction.pb.swift */,
				FA39E2DD1F8BAD9C00F723E0 /* ChannelAddModerator.pb.swift */,
				FA39E2F51F8BADA800F723E0 /* ChannelAvatarAdd.pb.swift */,
				FA39E2E91F8BADA200F723E0 /* ChannelAvatarDelete.pb.swift */,
				FA39E3291F8BADC300F723E0 /* ChannelAvatarGetList.pb.swift */,
				FA39E3191F8BADBB00F723E0 /* ChannelCheckUsername.pb.swift */,
				FA39E2B71F8BAD8900F723E0 /* ChannelCreate.pb.swift */,
				FA39E2A41F8BAD8600F723E0 /* ChannelDelete.pb.swift */,
				FA39E2C91F8BAD9100F723E0 /* ChannelDeleteMessage.pb.swift */,
				FA39E2FB1F8BADAC00F723E0 /* ChannelEdit.pb.swift */,
				FA39E2CA1F8BAD9200F723E0 /* ChannelEditMessage.pb.swift */,
				FA39E3261F8BADC200F723E0 /* ChannelGetDraft.pb.swift */,
				FA39E2B01F8BAD8800F723E0 /* ChannelGetMemberList.pb.swift */,
				FA39E2BC1F8BAD8A00F723E0 /* ChannelGetMessagesStats.pb.swift */,
				FA39E2E41F8BAD9F00F723E0 /* ChannelKickAdmin.pb.swift */,
				FA39E2911F8BAD8400F723E0 /* ChannelKickMember.pb.swift */,
				FA39E2DF1F8BAD9C00F723E0 /* ChannelKickModerator.pb.swift */,
				FA39E29A1F8BAD8500F723E0 /* ChannelLeft.pb.swift */,
				FA39E2901F8BAD8400F723E0 /* ChannelRemoveUsername.pb.swift */,
				FA39E2891F8BAD8300F723E0 /* ChannelRevokeLink.pb.swift */,
				FA39E3251F8BADC200F723E0 /* ChannelSendMessage.pb.swift */,
				FA39E2AA1F8BAD8700F723E0 /* ChannelSetAction.pb.swift */,
				FA39E3041F8BADB100F723E0 /* ChannelUpdateDraft.pb.swift */,
				FA39E2BD1F8BAD8A00F723E0 /* ChannelUpdateSignature.pb.swift */,
				FA39E2C51F8BAD8E00F723E0 /* ChannelUpdateUsername.pb.swift */,
				FA39E3011F8BADB000F723E0 /* ChatClearMessage.pb.swift */,
				FA39E2FC1F8BADAD00F723E0 /* ChatConvertToGroup.pb.swift */,
				FA39E2A21F8BAD8600F723E0 /* ChatDelete.pb.swift */,
				FA39E2F71F8BADAA00F723E0 /* ChatDeleteMessage.pb.swift */,
				FA39E2DE1F8BAD9C00F723E0 /* ChatEditMessage.pb.swift */,
				FA39E2861F8BAD8300F723E0 /* ChatGetDraft.pb.swift */,
				FA39E2A71F8BAD8600F723E0 /* ChatGetRoom.pb.swift */,
				FA39E2971F8BAD8400F723E0 /* ChatSendMessage.pb.swift */,
				FA39E2CB1F8BAD9200F723E0 /* ChatSetAction.pb.swift */,
				FA39E2A91F8BAD8700F723E0 /* ChatUpdateDraft.pb.swift */,
				FA39E2A01F8BAD8500F723E0 /* ChatUpdateStatus.pb.swift */,
				FA39E2BE1F8BAD8B00F723E0 /* ClientCheckInviteLink.pb.swift */,
				FA39E2F21F8BADA700F723E0 /* ClientCondition.pb.swift */,
				FA39E2FD1F8BADAD00F723E0 /* ClientCountRoomHistory.pb.swift */,
				FA39E2B81F8BAD8900F723E0 /* ClientGetRoom.pb.swift */,
				FA39E2C21F8BAD8D00F723E0 /* ClientGetRoomHistory.pb.swift */,
				FA39E2F61F8BADA900F723E0 /* ClientGetRoomList.pb.swift */,
				FA39E2851F8BAD8300F723E0 /* ClientGetRoomMessage.pb.swift */,
				FA39E2D41F8BAD9800F723E0 /* ClientJoinByInviteLink.pb.swift */,
				FA39E2AC1F8BAD8700F723E0 /* ClientJoinByUsername.pb.swift */,
				FA39E2EC1F8BADA400F723E0 /* ClientResolveUsername.pb.swift */,
				FA39E2C01F8BAD8B00F723E0 /* ClientSearchRoomHistory.pb.swift */,
				FA39E2931F8BAD8400F723E0 /* ClientSearchUsername.pb.swift */,
				FA39E3271F8BADC200F723E0 /* ClientSubscribeToRoom.pb.swift */,
				FA39E28A1F8BAD8300F723E0 /* ClientUnsubscribeFromRoom.pb.swift */,
				FA39E2D11F8BAD9600F723E0 /* ConnectionSecuring.pb.swift */,
				FA39E3281F8BADC200F723E0 /* Error.pb.swift */,
				FA39E2FE1F8BADAD00F723E0 /* FileDownload.pb.swift */,
				FA39E2FF1F8BADAE00F723E0 /* FileInfo.pb.swift */,
				FA39E2A81F8BAD8600F723E0 /* FileUpload.pb.swift */,
				FA39E3031F8BADB100F723E0 /* FileUploadInit.pb.swift */,
				FA39E2CF1F8BAD9500F723E0 /* FileUploadOption.pb.swift */,
				FA39E28C1F8BAD8300F723E0 /* FileUploadStatus.pb.swift */,
				FA39E3151F8BADBA00F723E0 /* GeoGetComment.pb.swift */,
				FA39E32A1F8BADC400F723E0 /* GeoGetConfiguration.pb.swift */,
				FA39E2E01F8BAD9C00F723E0 /* GeoGetNearbyCoordinate.pb.swift */,
				FA39E2981F8BAD8500F723E0 /* GeoGetNearbyDistance.pb.swift */,
				FA39E2C41F8BAD8E00F723E0 /* GeoGetRegisterStatus.pb.swift */,
				FA39E2B91F8BAD8A00F723E0 /* GeoRegister.pb.swift */,
				FA39E28B1F8BAD8300F723E0 /* GeoUpdateComment.pb.swift */,
				FA39E2CC1F8BAD9200F723E0 /* GeoUpdatePosition.pb.swift */,
				FA39E2DC1F8BAD9C00F723E0 /* Global.pb.swift */,
				FA39E29B1F8BAD8500F723E0 /* GroupAddAdmin.pb.swift */,
				FA39E2CD1F8BAD9300F723E0 /* GroupAddMember.pb.swift */,
				FA39E2841F8BAD8300F723E0 /* GroupAddModerator.pb.swift */,
				FA39E2D51F8BAD9800F723E0 /* GroupAvatarAdd.pb.swift */,
				FA39E2D01F8BAD9600F723E0 /* GroupAvatarDelete.pb.swift */,
				FA39E2CE1F8BAD9400F723E0 /* GroupAvatarGetList.pb.swift */,
				FA39E2BB1F8BAD8A00F723E0 /* GroupCheckUsername.pb.swift */,
				FA39E2AD1F8BAD8700F723E0 /* GroupClearMessage.pb.swift */,
				FA39E3181F8BADBB00F723E0 /* GroupCreate.pb.swift */,
				FA39E2B61F8BAD8900F723E0 /* GroupDelete.pb.swift */,
				FA39E2881F8BAD8300F723E0 /* GroupDeleteMessage.pb.swift */,
				FA39E2B31F8BAD8800F723E0 /* GroupEdit.pb.swift */,
				FA39E31F1F8BADBF00F723E0 /* GroupEditMessage.pb.swift */,
				FA39E2B11F8BAD8800F723E0 /* GroupGetDraft.pb.swift */,
				FA39E2871F8BAD8300F723E0 /* GroupGetMemberList.pb.swift */,
				FA39E2C81F8BAD9000F723E0 /* GroupKickAdmin.pb.swift */,
				FA39E3221F8BADC000F723E0 /* GroupKickMember.pb.swift */,
				FA39E3201F8BADBF00F723E0 /* GroupKickModerator.pb.swift */,
				FA39E3091F8BADB500F723E0 /* GroupLeft.pb.swift */,
				FA39E2E71F8BADA100F723E0 /* GroupRemoveUsername.pb.swift */,
				FA39E2F01F8BADA500F723E0 /* GroupRevokeLink.pb.swift */,
				FA39E2C31F8BAD8D00F723E0 /* GroupSendMessage.pb.swift */,
				FA39E2EF1F8BADA400F723E0 /* GroupSetAction.pb.swift */,
				FA39E2C71F8BAD8F00F723E0 /* GroupUpdateDraft.pb.swift */,
				FA39E3021F8BADB000F723E0 /* GroupUpdateStatus.pb.swift */,
				FA39E2921F8BAD8400F723E0 /* GroupUpdateUsername.pb.swift */,
				FA39E3001F8BADAF00F723E0 /* Heartbeat.pb.swift */,
				FA39E2C61F8BAD8E00F723E0 /* InfoCountry.pb.swift */,
				FA39E3131F8BADB800F723E0 /* InfoLocation.pb.swift */,
				FA39E2EA1F8BADA300F723E0 /* InfoPage.pb.swift */,
				FA39E2821F8BAD8300F723E0 /* InfoTime.pb.swift */,
				FA39E2F11F8BADA600F723E0 /* InfoWallpaper.pb.swift */,
				FA39E2E61F8BADA000F723E0 /* PushLoginToken.pb.swift */,
				FA39E2AB1F8BAD8700F723E0 /* PushRateSignaling.pb.swift */,
				FA39E30E1F8BADB700F723E0 /* PushTwoStepVerification.pb.swift */,
				FA39E3231F8BADC100F723E0 /* PushUserInfoExpired.pb.swift */,
				FA39E2831F8BAD8300F723E0 /* QrCodeAddContact.pb.swift */,
				FA39E29C1F8BAD8500F723E0 /* QrCodeAddMe.pb.swift */,
				FA39E2D21F8BAD9600F723E0 /* QrCodeJoin.pb.swift */,
				FA39E30A1F8BADB500F723E0 /* QrCodeNewDevice.pb.swift */,
				FA39E2D31F8BAD9700F723E0 /* QrCodeResolve.pb.swift */,
				FA39E2D91F8BAD9A00F723E0 /* Request.pb.swift */,
				FA39E3101F8BADB700F723E0 /* Response.pb.swift */,
				FA39E3051F8BADB200F723E0 /* SignalingAccept.pb.swift */,
				FA39E2941F8BAD8400F723E0 /* SignalingCandidate.pb.swift */,
				FA39E31A1F8BADBB00F723E0 /* SignalingClearLog.pb.swift */,
				FA39E3211F8BADC000F723E0 /* SignalingGetConfiguration.pb.swift */,
				FA39E2951F8BAD8400F723E0 /* SignalingGetLog.pb.swift */,
				FA39E3161F8BADBA00F723E0 /* SignalingLeave.pb.swift */,
				FA39E28D1F8BAD8300F723E0 /* SignalingOffer.pb.swift */,
				FA39E30F1F8BADB700F723E0 /* SignalingRate.pb.swift */,
				FA39E2E81F8BADA100F723E0 /* SignalingRinging.pb.swift */,
				FA39E3141F8BADB900F723E0 /* SignalingSessionHold.pb.swift */,
				FA39E2F91F8BADAC00F723E0 /* UserAvatarAdd.pb.swift */,
				FA39E2ED1F8BADA400F723E0 /* UserAvatarDelete.pb.swift */,
				FA39E2AF1F8BAD8800F723E0 /* UserAvatarGetList.pb.swift */,
				FA39E2D61F8BAD9800F723E0 /* UserContactsBlock.pb.swift */,
				FA39E3111F8BADB800F723E0 /* UserContactsDelete.pb.swift */,
				FA39E2F81F8BADAB00F723E0 /* UserContactsEdit.pb.swift */,
				FA39E29D1F8BAD8500F723E0 /* UserContactsGetBlockedList.pb.swift */,
				FA39E2E51F8BADA000F723E0 /* UserContactsGetList.pb.swift */,
				FA39E2B21F8BAD8800F723E0 /* UserContactsImport.pb.swift */,
				FA39E2A51F8BAD8600F723E0 /* UserContactsUnblock.pb.swift */,
				FA39E3241F8BADC100F723E0 /* UserDelete.pb.swift */,
				FA39E30B1F8BADB500F723E0 /* UserGetDeleteToken.pb.swift */,
				FA39E2B51F8BAD8900F723E0 /* UserInfo.pb.swift */,
				FA39E2BF1F8BAD8B00F723E0 /* UserLogin.pb.swift */,
				FA39E2C11F8BAD8C00F723E0 /* UserPrivacyGetRule.pb.swift */,
				FA39E2D71F8BAD9900F723E0 /* UserPrivacySetRule.pb.swift */,
				FA39E3061F8BADB300F723E0 /* UserProfileCheckUsername.pb.swift */,
				FA39E2B41F8BAD8900F723E0 /* UserProfileGetEmail.pb.swift */,
				FA39E2E11F8BAD9D00F723E0 /* UserProfileGetGender.pb.swift */,
				FA39E2D81F8BAD9900F723E0 /* UserProfileGetNickname.pb.swift */,
				FA39E2AE1F8BAD8700F723E0 /* UserProfileGetSelfRemove.pb.swift */,
				FA39E2EE1F8BADA400F723E0 /* UserProfileSetEmail.pb.swift */,
				FA39E29E1F8BAD8500F723E0 /* UserProfileSetGender.pb.swift */,
				FA39E2991F8BAD8500F723E0 /* UserProfileSetNickname.pb.swift */,
				FA39E2A11F8BAD8500F723E0 /* UserProfileSetSelfRemove.pb.swift */,
				FA39E2961F8BAD8400F723E0 /* UserProfileUpdateUsername.pb.swift */,
				FA39E28E1F8BAD8400F723E0 /* UserRegister.pb.swift */,
				FA39E2DA1F8BAD9B00F723E0 /* UserSessionGetActiveList.pb.swift */,
				FA39E2E21F8BAD9E00F723E0 /* UserSessionLogout.pb.swift */,
				FA39E3171F8BADBB00F723E0 /* UserSessionTerminate.pb.swift */,
				FA39E31B1F8BADBC00F723E0 /* UserTwoStepVerificationChangeHint.pb.swift */,
				FA39E2F41F8BADA800F723E0 /* UserTwoStepVerificationChangeRecoveryEmail.pb.swift */,
				FA39E31E1F8BADBF00F723E0 /* UserTwoStepVerificationChangeRecoveryQuestion.pb.swift */,
				FA39E28F1F8BAD8400F723E0 /* UserTwoStepVerificationCheckPassword.pb.swift */,
				FA39E2BA1F8BAD8A00F723E0 /* UserTwoStepVerificationGetPasswordDetail.pb.swift */,
				FA39E29F1F8BAD8500F723E0 /* UserTwoStepVerificationRecoverPasswordByAnswers.pb.swift */,
				FA39E2EB1F8BADA400F723E0 /* UserTwoStepVerificationRecoverPasswordByToken.pb.swift */,
				FA39E30D1F8BADB600F723E0 /* UserTwoStepVerificationRequestRecoveryToken.pb.swift */,
				FA39E2E31F8BAD9F00F723E0 /* UserTwoStepVerificationResendVerifyEmail.pb.swift */,
				FA39E31C1F8BADBD00F723E0 /* UserTwoStepVerificationSetPassword.pb.swift */,
				FA39E3121F8BADB800F723E0 /* UserTwoStepVerificationUnsetPassword.pb.swift */,
				FA39E31D1F8BADBE00F723E0 /* UserTwoStepVerificationVerifyPassword.pb.swift */,
				FA39E2A61F8BAD8600F723E0 /* UserTwoStepVerificationVerifyRecoveryEmail.pb.swift */,
				FA39E3071F8BADB400F723E0 /* UserUpdateStatus.pb.swift */,
				FA39E3081F8BADB400F723E0 /* UserUsernameToId.pb.swift */,
				FA39E2A31F8BAD8600F723E0 /* UserVerify.pb.swift */,
				FA39E2DB1F8BAD9C00F723E0 /* UserVerifyNewDevice.pb.swift */,
			);
			path = ProtoBuffs;
			sourceTree = "<group>";
		};
		FA76381F1E2FFD5E00C24391 = {
			isa = PBXGroup;
			children = (
				FA76382B1E2FFD5E00C24391 /* IGProtoBuff */,
				FA76382A1E2FFD5E00C24391 /* Products */,
				FA7638341E2FFFD200C24391 /* Frameworks */,
			);
			sourceTree = "<group>";
		};
		FA76382A1E2FFD5E00C24391 /* Products */ = {
			isa = PBXGroup;
			children = (
				FA7638291E2FFD5E00C24391 /* IGProtoBuff.framework */,
			);
			name = Products;
			sourceTree = "<group>";
		};
		FA76382B1E2FFD5E00C24391 /* IGProtoBuff */ = {
			isa = PBXGroup;
			children = (
				FA5A9FF11F71ECEF00D925F5 /* ProtoBuffs */,
				FA76382C1E2FFD5E00C24391 /* IGProtoBuff.h */,
				FA76382D1E2FFD5E00C24391 /* Info.plist */,
			);
			path = IGProtoBuff;
			sourceTree = "<group>";
		};
		FA7638341E2FFFD200C24391 /* Frameworks */ = {
			isa = PBXGroup;
			children = (
				FA7638351E2FFFD200C24391 /* ProtocolBuffers.framework */,
			);
			name = Frameworks;
			sourceTree = "<group>";
		};
/* End PBXGroup section */

/* Begin PBXHeadersBuildPhase section */
		FA7638261E2FFD5E00C24391 /* Headers */ = {
			isa = PBXHeadersBuildPhase;
			buildActionMask = 2147483647;
			files = (
				FA76382E1E2FFD5E00C24391 /* IGProtoBuff.h in Headers */,
			);
			runOnlyForDeploymentPostprocessing = 0;
		};
/* End PBXHeadersBuildPhase section */

/* Begin PBXNativeTarget section */
		FA7638281E2FFD5E00C24391 /* IGProtoBuff */ = {
			isa = PBXNativeTarget;
			buildConfigurationList = FA7638311E2FFD5E00C24391 /* Build configuration list for PBXNativeTarget "IGProtoBuff" */;
			buildPhases = (
				FA7638241E2FFD5E00C24391 /* Sources */,
				FA7638251E2FFD5E00C24391 /* Frameworks */,
				FA7638261E2FFD5E00C24391 /* Headers */,
				FA7638271E2FFD5E00C24391 /* Resources */,
			);
			buildRules = (
			);
			dependencies = (
			);
			name = IGProtoBuff;
			productName = IGProtoBuff;
			productReference = FA7638291E2FFD5E00C24391 /* IGProtoBuff.framework */;
			productType = "com.apple.product-type.framework";
		};
/* End PBXNativeTarget section */

/* Begin PBXProject section */
		FA7638201E2FFD5E00C24391 /* Project object */ = {
			isa = PBXProject;
			attributes = {
				LastUpgradeCheck = 0820;
				ORGANIZATIONNAME = "RooyeKhat Media";
				TargetAttributes = {
					FA7638281E2FFD5E00C24391 = {
						CreatedOnToolsVersion = 8.2;
						LastSwiftMigration = 0900;
						ProvisioningStyle = Automatic;
					};
				};
			};
			buildConfigurationList = FA7638231E2FFD5E00C24391 /* Build configuration list for PBXProject "IGProtoBuff" */;
			compatibilityVersion = "Xcode 3.2";
			developmentRegion = English;
			hasScannedForEncodings = 0;
			knownRegions = (
				en,
			);
			mainGroup = FA76381F1E2FFD5E00C24391;
			productRefGroup = FA76382A1E2FFD5E00C24391 /* Products */;
			projectDirPath = "";
			projectRoot = "";
			targets = (
				FA7638281E2FFD5E00C24391 /* IGProtoBuff */,
			);
		};
/* End PBXProject section */

/* Begin PBXResourcesBuildPhase section */
		FA7638271E2FFD5E00C24391 /* Resources */ = {
			isa = PBXResourcesBuildPhase;
			buildActionMask = 2147483647;
			files = (
			);
			runOnlyForDeploymentPostprocessing = 0;
		};
/* End PBXResourcesBuildPhase section */

/* Begin PBXSourcesBuildPhase section */
		FA7638241E2FFD5E00C24391 /* Sources */ = {
			isa = PBXSourcesBuildPhase;
			buildActionMask = 2147483647;
			files = (
				FA39E3721F8BAE4700F723E0 /* GroupAddModerator.pb.swift in Sources */,
				FA39E3A21F8BAE4700F723E0 /* SignalingRate.pb.swift in Sources */,
				FA39E3491F8BAE4700F723E0 /* ChatDeleteMessage.pb.swift in Sources */,
				FA39E3C01F8BAE4700F723E0 /* UserSessionGetActiveList.pb.swift in Sources */,
				FA39E37B1F8BAE4700F723E0 /* GroupEdit.pb.swift in Sources */,
				FA39E3651F8BAE4700F723E0 /* FileUploadOption.pb.swift in Sources */,
				FA39E3AF1F8BAE4700F723E0 /* UserDelete.pb.swift in Sources */,
				FA39E3551F8BAE4700F723E0 /* ClientGetRoomHistory.pb.swift in Sources */,
				FA39E3411F8BAE4700F723E0 /* ChannelSendMessage.pb.swift in Sources */,
				FA39E33E1F8BAE4700F723E0 /* ChannelKickModerator.pb.swift in Sources */,
				FA39E3741F8BAE4700F723E0 /* GroupAvatarDelete.pb.swift in Sources */,
				FA39E3CC1F8BAE4700F723E0 /* UserTwoStepVerificationSetPassword.pb.swift in Sources */,
				FA39E3C71F8BAE4700F723E0 /* UserTwoStepVerificationGetPasswordDetail.pb.swift in Sources */,
				FA39E33C1F8BAE4700F723E0 /* ChannelKickAdmin.pb.swift in Sources */,
				FA39E3B31F8BAE4700F723E0 /* UserPrivacyGetRule.pb.swift in Sources */,
				FA39E3CF1F8BAE4700F723E0 /* UserTwoStepVerificationVerifyRecoveryEmail.pb.swift in Sources */,
				FA39E3B01F8BAE4700F723E0 /* UserGetDeleteToken.pb.swift in Sources */,
				FA39E3861F8BAE4700F723E0 /* GroupSetAction.pb.swift in Sources */,
				FA39E3B71F8BAE4700F723E0 /* UserProfileGetGender.pb.swift in Sources */,
				FA39E3341F8BAE4700F723E0 /* ChannelCreate.pb.swift in Sources */,
				FA39E3691F8BAE4700F723E0 /* GeoGetNearbyCoordinate.pb.swift in Sources */,
				FA39E3961F8BAE4700F723E0 /* QrCodeJoin.pb.swift in Sources */,
				FA39E37E1F8BAE4700F723E0 /* GroupGetMemberList.pb.swift in Sources */,
				FA39E3361F8BAE4700F723E0 /* ChannelDeleteMessage.pb.swift in Sources */,
				FA39E32C1F8BAE4700F723E0 /* ChannelAddAdmin.pb.swift in Sources */,
				FA39E3941F8BAE4700F723E0 /* QrCodeAddContact.pb.swift in Sources */,
				FA39E3881F8BAE4700F723E0 /* GroupUpdateStatus.pb.swift in Sources */,
				FA39E3801F8BAE4700F723E0 /* GroupKickMember.pb.swift in Sources */,
				FA39E3621F8BAE4700F723E0 /* FileInfo.pb.swift in Sources */,
				FA39E3971F8BAE4700F723E0 /* QrCodeNewDevice.pb.swift in Sources */,
				FA39E3761F8BAE4700F723E0 /* GroupCheckUsername.pb.swift in Sources */,
				FA39E3AC1F8BAE4700F723E0 /* UserContactsGetList.pb.swift in Sources */,
				FA39E34F1F8BAE4700F723E0 /* ChatUpdateDraft.pb.swift in Sources */,
				FA39E39B1F8BAE4700F723E0 /* SignalingAccept.pb.swift in Sources */,
				FA39E34E1F8BAE4700F723E0 /* ChatSetAction.pb.swift in Sources */,
				FA39E3391F8BAE4700F723E0 /* ChannelGetDraft.pb.swift in Sources */,
				FA39E38D1F8BAE4700F723E0 /* InfoPage.pb.swift in Sources */,
				FA39E35C1F8BAE4700F723E0 /* ClientSearchUsername.pb.swift in Sources */,
				FA39E3BF1F8BAE4700F723E0 /* UserRegister.pb.swift in Sources */,
				FA39E3921F8BAE4700F723E0 /* PushTwoStepVerification.pb.swift in Sources */,
				FA39E34B1F8BAE4700F723E0 /* ChatGetDraft.pb.swift in Sources */,
				FA39E3371F8BAE4700F723E0 /* ChannelEdit.pb.swift in Sources */,
				FA39E3561F8BAE4700F723E0 /* ClientGetRoomList.pb.swift in Sources */,
				FA39E33D1F8BAE4700F723E0 /* ChannelKickMember.pb.swift in Sources */,
				FA39E3471F8BAE4700F723E0 /* ChatConvertToGroup.pb.swift in Sources */,
				FA39E3711F8BAE4700F723E0 /* GroupAddMember.pb.swift in Sources */,
				FA39E3B91F8BAE4700F723E0 /* UserProfileGetSelfRemove.pb.swift in Sources */,
				FA39E3771F8BAE4700F723E0 /* GroupClearMessage.pb.swift in Sources */,
				FA39E3851F8BAE4700F723E0 /* GroupSendMessage.pb.swift in Sources */,
				FA39E39C1F8BAE4700F723E0 /* SignalingCandidate.pb.swift in Sources */,
				FA39E3401F8BAE4700F723E0 /* ChannelRemoveUsername.pb.swift in Sources */,
				FA39E3BC1F8BAE4700F723E0 /* UserProfileSetNickname.pb.swift in Sources */,
				FA39E36C1F8BAE4700F723E0 /* GeoRegister.pb.swift in Sources */,
				FA39E37C1F8BAE4700F723E0 /* GroupEditMessage.pb.swift in Sources */,
				FA39E3B51F8BAE4700F723E0 /* UserProfileCheckUsername.pb.swift in Sources */,
				FA39E38E1F8BAE4700F723E0 /* InfoTime.pb.swift in Sources */,
				FA39E3701F8BAE4700F723E0 /* GroupAddAdmin.pb.swift in Sources */,
				FA39E3A91F8BAE4700F723E0 /* UserContactsDelete.pb.swift in Sources */,
				FA39E37D1F8BAE4700F723E0 /* GroupGetDraft.pb.swift in Sources */,
				FA39E3C51F8BAE4700F723E0 /* UserTwoStepVerificationChangeRecoveryQuestion.pb.swift in Sources */,
				FA39E33A1F8BAE4700F723E0 /* ChannelGetMemberList.pb.swift in Sources */,
				FA39E3A11F8BAE4700F723E0 /* SignalingOffer.pb.swift in Sources */,
				FA39E39A1F8BAE4700F723E0 /* Response.pb.swift in Sources */,
				FA39E3CD1F8BAE4700F723E0 /* UserTwoStepVerificationUnsetPassword.pb.swift in Sources */,
				FA39E33B1F8BAE4700F723E0 /* ChannelGetMessagesStats.pb.swift in Sources */,
				FA39E3C81F8BAE4700F723E0 /* UserTwoStepVerificationRecoverPasswordByAnswers.pb.swift in Sources */,
				FA39E3511F8BAE4700F723E0 /* ClientCheckInviteLink.pb.swift in Sources */,
				FA39E3301F8BAE4700F723E0 /* ChannelAvatarAdd.pb.swift in Sources */,
				FA39E32E1F8BAE4700F723E0 /* ChannelAddMessageReaction.pb.swift in Sources */,
				FA39E39D1F8BAE4700F723E0 /* SignalingClearLog.pb.swift in Sources */,
				FA39E32B1F8BAE3E00F723E0 /* ChannelRevokeLink.pb.swift in Sources */,
				FA39E3641F8BAE4700F723E0 /* FileUploadInit.pb.swift in Sources */,
				FA39E3331F8BAE4700F723E0 /* ChannelCheckUsername.pb.swift in Sources */,
				FA39E3381F8BAE4700F723E0 /* ChannelEditMessage.pb.swift in Sources */,
				FA39E3B21F8BAE4700F723E0 /* UserLogin.pb.swift in Sources */,
				FA39E3321F8BAE4700F723E0 /* ChannelAvatarGetList.pb.swift in Sources */,
				FA39E3BB1F8BAE4700F723E0 /* UserProfileSetGender.pb.swift in Sources */,
				FA39E3831F8BAE4700F723E0 /* GroupRemoveUsername.pb.swift in Sources */,
				FA39E3951F8BAE4700F723E0 /* QrCodeAddMe.pb.swift in Sources */,
				FA39E36B1F8BAE4700F723E0 /* GeoGetRegisterStatus.pb.swift in Sources */,
				FA39E3601F8BAE4700F723E0 /* Error.pb.swift in Sources */,
				FA39E3B81F8BAE4700F723E0 /* UserProfileGetNickname.pb.swift in Sources */,
				FA39E3821F8BAE4700F723E0 /* GroupLeft.pb.swift in Sources */,
				FA39E39E1F8BAE4700F723E0 /* SignalingGetConfiguration.pb.swift in Sources */,
				FA39E3781F8BAE4700F723E0 /* GroupCreate.pb.swift in Sources */,
				FA39E35B1F8BAE4700F723E0 /* ClientSearchRoomHistory.pb.swift in Sources */,
				FA39E3481F8BAE4700F723E0 /* ChatDelete.pb.swift in Sources */,
				FA39E36F1F8BAE4700F723E0 /* Global.pb.swift in Sources */,
				FA39E3C11F8BAE4700F723E0 /* UserSessionLogout.pb.swift in Sources */,
				FA39E3A51F8BAE4700F723E0 /* UserAvatarAdd.pb.swift in Sources */,
				FA39E3531F8BAE4700F723E0 /* ClientCountRoomHistory.pb.swift in Sources */,
				FA39E3521F8BAE4700F723E0 /* ClientCondition.pb.swift in Sources */,
				FA39E34C1F8BAE4700F723E0 /* ChatGetRoom.pb.swift in Sources */,
				FA39E3441F8BAE4700F723E0 /* ChannelUpdateSignature.pb.swift in Sources */,
				FA39E35D1F8BAE4700F723E0 /* ClientSubscribeToRoom.pb.swift in Sources */,
				FA39E3C41F8BAE4700F723E0 /* UserTwoStepVerificationChangeRecoveryEmail.pb.swift in Sources */,
				FA39E3AB1F8BAE4700F723E0 /* UserContactsGetBlockedList.pb.swift in Sources */,
				FA39E3451F8BAE4700F723E0 /* ChannelUpdateUsername.pb.swift in Sources */,
				FA39E3991F8BAE4700F723E0 /* Request.pb.swift in Sources */,
				FA39E3CA1F8BAE4700F723E0 /* UserTwoStepVerificationRequestRecoveryToken.pb.swift in Sources */,
				FA39E3981F8BAE4700F723E0 /* QrCodeResolve.pb.swift in Sources */,
				FA39E3811F8BAE4700F723E0 /* GroupKickModerator.pb.swift in Sources */,
				FA39E3571F8BAE4700F723E0 /* ClientGetRoomMessage.pb.swift in Sources */,
				FA39E3891F8BAE4700F723E0 /* GroupUpdateUsername.pb.swift in Sources */,
				FA39E3BA1F8BAE4700F723E0 /* UserProfileSetEmail.pb.swift in Sources */,
				FA39E3501F8BAE4700F723E0 /* ChatUpdateStatus.pb.swift in Sources */,
				FA39E3911F8BAE4700F723E0 /* PushRateSignaling.pb.swift in Sources */,
				FA39E3A41F8BAE4700F723E0 /* SignalingSessionHold.pb.swift in Sources */,
				FA39E3B61F8BAE4700F723E0 /* UserProfileGetEmail.pb.swift in Sources */,
				FA39E3541F8BAE4700F723E0 /* ClientGetRoom.pb.swift in Sources */,
				FA39E3581F8BAE4700F723E0 /* ClientJoinByInviteLink.pb.swift in Sources */,
				FA39E3BE1F8BAE4700F723E0 /* UserProfileUpdateUsername.pb.swift in Sources */,
				FA39E33F1F8BAE4700F723E0 /* ChannelLeft.pb.swift in Sources */,
				FA39E3A71F8BAE4700F723E0 /* UserAvatarGetList.pb.swift in Sources */,
				FA39E3AA1F8BAE4700F723E0 /* UserContactsEdit.pb.swift in Sources */,
				FA39E32D1F8BAE4700F723E0 /* ChannelAddMember.pb.swift in Sources */,
				FA39E3CB1F8BAE4700F723E0 /* UserTwoStepVerificationResendVerifyEmail.pb.swift in Sources */,
				FA39E3661F8BAE4700F723E0 /* FileUploadStatus.pb.swift in Sources */,
				FA39E3611F8BAE4700F723E0 /* FileDownload.pb.swift in Sources */,
				FA39E37F1F8BAE4700F723E0 /* GroupKickAdmin.pb.swift in Sources */,
				FA39E3BD1F8BAE4700F723E0 /* UserProfileSetSelfRemove.pb.swift in Sources */,
				FA39E32F1F8BAE4700F723E0 /* ChannelAddModerator.pb.swift in Sources */,
				FA39E3431F8BAE4700F723E0 /* ChannelUpdateDraft.pb.swift in Sources */,
				FA39E3B41F8BAE4700F723E0 /* UserPrivacySetRule.pb.swift in Sources */,
				FA39E36E1F8BAE4700F723E0 /* GeoUpdatePosition.pb.swift in Sources */,
				FA39E3B11F8BAE4700F723E0 /* UserInfo.pb.swift in Sources */,
				FA39E3D01F8BAE4700F723E0 /* UserUpdateStatus.pb.swift in Sources */,
				FA39E3A81F8BAE4700F723E0 /* UserContactsBlock.pb.swift in Sources */,
				FA39E35A1F8BAE4700F723E0 /* ClientResolveUsername.pb.swift in Sources */,
				FA39E34D1F8BAE4700F723E0 /* ChatSendMessage.pb.swift in Sources */,
				FA39E3C91F8BAE4700F723E0 /* UserTwoStepVerificationRecoverPasswordByToken.pb.swift in Sources */,
				FA39E3631F8BAE4700F723E0 /* FileUpload.pb.swift in Sources */,
				FA39E3731F8BAE4700F723E0 /* GroupAvatarAdd.pb.swift in Sources */,
				FA39E3901F8BAE4700F723E0 /* PushLoginToken.pb.swift in Sources */,
				FA39E3AD1F8BAE4700F723E0 /* UserContactsImport.pb.swift in Sources */,
				FA39E3461F8BAE4700F723E0 /* ChatClearMessage.pb.swift in Sources */,
				FA39E36D1F8BAE4700F723E0 /* GeoUpdateComment.pb.swift in Sources */,
				FA39E3AE1F8BAE4700F723E0 /* UserContactsUnblock.pb.swift in Sources */,
				FA39E3751F8BAE4700F723E0 /* GroupAvatarGetList.pb.swift in Sources */,
				FA39E3671F8BAE4700F723E0 /* GeoGetComment.pb.swift in Sources */,
				FA39E38F1F8BAE4700F723E0 /* InfoWallpaper.pb.swift in Sources */,
				FA39E3871F8BAE4700F723E0 /* GroupUpdateDraft.pb.swift in Sources */,
				FA39E3791F8BAE4700F723E0 /* GroupDelete.pb.swift in Sources */,
				FA39E3C21F8BAE4700F723E0 /* UserSessionTerminate.pb.swift in Sources */,
				FA39E3311F8BAE4700F723E0 /* ChannelAvatarDelete.pb.swift in Sources */,
				FA39E3841F8BAE4700F723E0 /* GroupRevokeLink.pb.swift in Sources */,
				FA39E3591F8BAE4700F723E0 /* ClientJoinByUsername.pb.swift in Sources */,
				FA39E38C1F8BAE4700F723E0 /* InfoLocation.pb.swift in Sources */,
				FA39E3A61F8BAE4700F723E0 /* UserAvatarDelete.pb.swift in Sources */,
				FA39E39F1F8BAE4700F723E0 /* SignalingGetLog.pb.swift in Sources */,
				FA39E3D11F8BAE4700F723E0 /* UserUsernameToId.pb.swift in Sources */,
				FA39E3681F8BAE4700F723E0 /* GeoGetConfiguration.pb.swift in Sources */,
				FA39E3351F8BAE4700F723E0 /* ChannelDelete.pb.swift in Sources */,
				FA39E3A31F8BAE4700F723E0 /* SignalingRinging.pb.swift in Sources */,
				FA39E3D21F8BAE4700F723E0 /* UserVerify.pb.swift in Sources */,
				FA39E34A1F8BAE4700F723E0 /* ChatEditMessage.pb.swift in Sources */,
				FA39E3A01F8BAE4700F723E0 /* SignalingLeave.pb.swift in Sources */,
				FA39E37A1F8BAE4700F723E0 /* GroupDeleteMessage.pb.swift in Sources */,
				FA39E35E1F8BAE4700F723E0 /* ClientUnsubscribeFromRoom.pb.swift in Sources */,
				FA39E3C31F8BAE4700F723E0 /* UserTwoStepVerificationChangeHint.pb.swift in Sources */,
				FA39E3C61F8BAE4700F723E0 /* UserTwoStepVerificationCheckPassword.pb.swift in Sources */,
				FA39E3CE1F8BAE4700F723E0 /* UserTwoStepVerificationVerifyPassword.pb.swift in Sources */,
				FA39E35F1F8BAE4700F723E0 /* ConnectionSecuring.pb.swift in Sources */,
				FA39E38A1F8BAE4700F723E0 /* Heartbeat.pb.swift in Sources */,
				FA39E3421F8BAE4700F723E0 /* ChannelSetAction.pb.swift in Sources */,
				FA39E3D31F8BAE4700F723E0 /* UserVerifyNewDevice.pb.swift in Sources */,
				FA39E3931F8BAE4700F723E0 /* PushUserInfoExpired.pb.swift in Sources */,
				FA39E36A1F8BAE4700F723E0 /* GeoGetNearbyDistance.pb.swift in Sources */,
				FA39E38B1F8BAE4700F723E0 /* InfoCountry.pb.swift in Sources */,
			);
			runOnlyForDeploymentPostprocessing = 0;
		};
/* End PBXSourcesBuildPhase section */

/* Begin XCBuildConfiguration section */
		FA76382F1E2FFD5E00C24391 /* Debug */ = {
			isa = XCBuildConfiguration;
			buildSettings = {
				ALWAYS_SEARCH_USER_PATHS = NO;
				CLANG_ANALYZER_NONNULL = YES;
				CLANG_CXX_LANGUAGE_STANDARD = "gnu++0x";
				CLANG_CXX_LIBRARY = "libc++";
				CLANG_ENABLE_MODULES = YES;
				CLANG_ENABLE_OBJC_ARC = YES;
				CLANG_WARN_BOOL_CONVERSION = YES;
				CLANG_WARN_CONSTANT_CONVERSION = YES;
				CLANG_WARN_DIRECT_OBJC_ISA_USAGE = YES_ERROR;
				CLANG_WARN_DOCUMENTATION_COMMENTS = YES;
				CLANG_WARN_EMPTY_BODY = YES;
				CLANG_WARN_ENUM_CONVERSION = YES;
				CLANG_WARN_INFINITE_RECURSION = YES;
				CLANG_WARN_INT_CONVERSION = YES;
				CLANG_WARN_OBJC_ROOT_CLASS = YES_ERROR;
				CLANG_WARN_SUSPICIOUS_MOVE = YES;
				CLANG_WARN_UNREACHABLE_CODE = YES;
				CLANG_WARN__DUPLICATE_METHOD_MATCH = YES;
				"CODE_SIGN_IDENTITY[sdk=iphoneos*]" = "iPhone Developer";
				COPY_PHASE_STRIP = NO;
				CURRENT_PROJECT_VERSION = 1;
				DEBUG_INFORMATION_FORMAT = dwarf;
				ENABLE_STRICT_OBJC_MSGSEND = YES;
				ENABLE_TESTABILITY = YES;
				GCC_C_LANGUAGE_STANDARD = gnu99;
				GCC_DYNAMIC_NO_PIC = NO;
				GCC_NO_COMMON_BLOCKS = YES;
				GCC_OPTIMIZATION_LEVEL = 0;
				GCC_PREPROCESSOR_DEFINITIONS = (
					"DEBUG=1",
					"$(inherited)",
				);
				GCC_WARN_64_TO_32_BIT_CONVERSION = YES;
				GCC_WARN_ABOUT_RETURN_TYPE = YES_ERROR;
				GCC_WARN_UNDECLARED_SELECTOR = YES;
				GCC_WARN_UNINITIALIZED_AUTOS = YES_AGGRESSIVE;
				GCC_WARN_UNUSED_FUNCTION = YES;
				GCC_WARN_UNUSED_VARIABLE = YES;
				IPHONEOS_DEPLOYMENT_TARGET = 10.2;
				MTL_ENABLE_DEBUG_INFO = YES;
				ONLY_ACTIVE_ARCH = YES;
				SDKROOT = iphoneos;
				SWIFT_ACTIVE_COMPILATION_CONDITIONS = DEBUG;
				SWIFT_OPTIMIZATION_LEVEL = "-Onone";
				TARGETED_DEVICE_FAMILY = "1,2";
				VERSIONING_SYSTEM = "apple-generic";
				VERSION_INFO_PREFIX = "";
			};
			name = Debug;
		};
		FA7638301E2FFD5E00C24391 /* Release */ = {
			isa = XCBuildConfiguration;
			buildSettings = {
				ALWAYS_SEARCH_USER_PATHS = NO;
				CLANG_ANALYZER_NONNULL = YES;
				CLANG_CXX_LANGUAGE_STANDARD = "gnu++0x";
				CLANG_CXX_LIBRARY = "libc++";
				CLANG_ENABLE_MODULES = YES;
				CLANG_ENABLE_OBJC_ARC = YES;
				CLANG_WARN_BOOL_CONVERSION = YES;
				CLANG_WARN_CONSTANT_CONVERSION = YES;
				CLANG_WARN_DIRECT_OBJC_ISA_USAGE = YES_ERROR;
				CLANG_WARN_DOCUMENTATION_COMMENTS = YES;
				CLANG_WARN_EMPTY_BODY = YES;
				CLANG_WARN_ENUM_CONVERSION = YES;
				CLANG_WARN_INFINITE_RECURSION = YES;
				CLANG_WARN_INT_CONVERSION = YES;
				CLANG_WARN_OBJC_ROOT_CLASS = YES_ERROR;
				CLANG_WARN_SUSPICIOUS_MOVE = YES;
				CLANG_WARN_UNREACHABLE_CODE = YES;
				CLANG_WARN__DUPLICATE_METHOD_MATCH = YES;
				"CODE_SIGN_IDENTITY[sdk=iphoneos*]" = "iPhone Developer";
				COPY_PHASE_STRIP = NO;
				CURRENT_PROJECT_VERSION = 1;
				DEBUG_INFORMATION_FORMAT = "dwarf-with-dsym";
				ENABLE_NS_ASSERTIONS = NO;
				ENABLE_STRICT_OBJC_MSGSEND = YES;
				GCC_C_LANGUAGE_STANDARD = gnu99;
				GCC_NO_COMMON_BLOCKS = YES;
				GCC_WARN_64_TO_32_BIT_CONVERSION = YES;
				GCC_WARN_ABOUT_RETURN_TYPE = YES_ERROR;
				GCC_WARN_UNDECLARED_SELECTOR = YES;
				GCC_WARN_UNINITIALIZED_AUTOS = YES_AGGRESSIVE;
				GCC_WARN_UNUSED_FUNCTION = YES;
				GCC_WARN_UNUSED_VARIABLE = YES;
				IPHONEOS_DEPLOYMENT_TARGET = 10.2;
				MTL_ENABLE_DEBUG_INFO = NO;
				SDKROOT = iphoneos;
				SWIFT_OPTIMIZATION_LEVEL = "-Owholemodule";
				TARGETED_DEVICE_FAMILY = "1,2";
				VALIDATE_PRODUCT = YES;
				VERSIONING_SYSTEM = "apple-generic";
				VERSION_INFO_PREFIX = "";
			};
			name = Release;
		};
		FA7638321E2FFD5E00C24391 /* Debug */ = {
			isa = XCBuildConfiguration;
			buildSettings = {
				CLANG_ENABLE_MODULES = YES;
				CODE_SIGN_IDENTITY = "";
				DEFINES_MODULE = YES;
				DYLIB_COMPATIBILITY_VERSION = 1;
				DYLIB_CURRENT_VERSION = 1;
				DYLIB_INSTALL_NAME_BASE = "@rpath";
				FRAMEWORK_SEARCH_PATHS = (
					"$(inherited)",
					"$(PROJECT_DIR)/Carthage/Build/iOS",
				);
				GCC_OPTIMIZATION_LEVEL = fast;
				INFOPLIST_FILE = IGProtoBuff/Info.plist;
				INSTALL_PATH = "$(LOCAL_LIBRARY_DIR)/Frameworks";
				IPHONEOS_DEPLOYMENT_TARGET = 9.0;
				LD_RUNPATH_SEARCH_PATHS = "$(inherited) @executable_path/Frameworks @loader_path/Frameworks";
				ONLY_ACTIVE_ARCH = NO;
				OTHER_SWIFT_FLAGS = "-wmo";
				PRODUCT_BUNDLE_IDENTIFIER = net.igap.IGProtoBuff;
				PRODUCT_NAME = "$(TARGET_NAME)";
				SKIP_INSTALL = YES;
				SWIFT_OPTIMIZATION_LEVEL = "-Owholemodule";
				SWIFT_VERSION = 3.0;
			};
			name = Debug;
		};
		FA7638331E2FFD5E00C24391 /* Release */ = {
			isa = XCBuildConfiguration;
			buildSettings = {
				CLANG_ENABLE_MODULES = YES;
				CODE_SIGN_IDENTITY = "";
				DEFINES_MODULE = YES;
				DYLIB_COMPATIBILITY_VERSION = 1;
				DYLIB_CURRENT_VERSION = 1;
				DYLIB_INSTALL_NAME_BASE = "@rpath";
				FRAMEWORK_SEARCH_PATHS = (
					"$(inherited)",
					"$(PROJECT_DIR)/Carthage/Build/iOS",
				);
				GCC_OPTIMIZATION_LEVEL = fast;
				INFOPLIST_FILE = IGProtoBuff/Info.plist;
				INSTALL_PATH = "$(LOCAL_LIBRARY_DIR)/Frameworks";
				IPHONEOS_DEPLOYMENT_TARGET = 9.0;
				LD_RUNPATH_SEARCH_PATHS = "$(inherited) @executable_path/Frameworks @loader_path/Frameworks";
				ONLY_ACTIVE_ARCH = NO;
				OTHER_SWIFT_FLAGS = "-wmo";
				PRODUCT_BUNDLE_IDENTIFIER = net.igap.IGProtoBuff;
				PRODUCT_NAME = "$(TARGET_NAME)";
				SKIP_INSTALL = YES;
				SWIFT_VERSION = 3.0;
			};
			name = Release;
		};
/* End XCBuildConfiguration section */

/* Begin XCConfigurationList section */
		FA7638231E2FFD5E00C24391 /* Build configuration list for PBXProject "IGProtoBuff" */ = {
			isa = XCConfigurationList;
			buildConfigurations = (
				FA76382F1E2FFD5E00C24391 /* Debug */,
				FA7638301E2FFD5E00C24391 /* Release */,
			);
			defaultConfigurationIsVisible = 0;
			defaultConfigurationName = Release;
		};
		FA7638311E2FFD5E00C24391 /* Build configuration list for PBXNativeTarget "IGProtoBuff" */ = {
			isa = XCConfigurationList;
			buildConfigurations = (
				FA7638321E2FFD5E00C24391 /* Debug */,
				FA7638331E2FFD5E00C24391 /* Release */,
			);
			defaultConfigurationIsVisible = 0;
			defaultConfigurationName = Release;
		};
/* End XCConfigurationList section */
	};
	rootObject = FA7638201E2FFD5E00C24391 /* Project object */;
}
